
Microsoft Visual Studio Solution File, Format Version 12.00
# Visual Studio Version 17
VisualStudioVersion = 17.6.33801.468
MinimumVisualStudioVersion = 10.0.40219.1
Project("{2150E333-8FDC-42A3-9474-1A3956D46DE8}") = "Lectures", "Lectures", "{03890477-A734-4C8F-84E3-FB0438B69022}"
EndProject
Project("{2150E333-8FDC-42A3-9474-1A3956D46DE8}") = "Homework", "Homework", "{7DE500D2-8691-45C8-9615-FE3BCE4E942E}"
EndProject
Project("{2150E333-8FDC-42A3-9474-1A3956D46DE8}") = "Level 1", "Level 1", "{02CACF83-6A19-48EF-AB95-FB11D1CF43D2}"
EndProject
Project("{2150E333-8FDC-42A3-9474-1A3956D46DE8}") = "Level 1", "Level 1", "{459202AA-69C9-4723-90DC-3D1B439395F5}"
EndProject
Project("{2150E333-8FDC-42A3-9474-1A3956D46DE8}") = "1.3", "1.3", "{84D0C15E-870A-43DE-86F9-5F4558399A3E}"
EndProject
Project("{2150E333-8FDC-42A3-9474-1A3956D46DE8}") = "1.4", "1.4", "{6C8D5292-A593-4C6C-8D0C-0250681FAD31}"
EndProject
Project("{2150E333-8FDC-42A3-9474-1A3956D46DE8}") = "1.5", "1.5", "{ACE4A52B-5499-49FA-B994-731406A5769F}"
EndProject
Project("{8BC9CEB8-8B4A-11D0-8D11-00A0C91BC942}") = "1.1 - C Environment", "1.1 - C Environment\1.1 - C Environment.vcxproj", "{174131BC-BA80-496B-9FB1-1F05A680F0CD}"
EndProject
Project("{8BC9CEB8-8B4A-11D0-8D11-00A0C91BC942}") = "1.2 - C Data Types", "1.2 - C Data Types\1.2 - C Data Types.vcxproj", "{ADE10B59-A524-429D-ACD8-CEC92883ED44}"
EndProject
Project("{8BC9CEB8-8B4A-11D0-8D11-00A0C91BC942}") = "1.3 - C Variables", "1.3 - C Variables\1.3 - C Variables.vcxproj", "{D1CC975E-C68C-48D8-9EC9-A7BB2FA5247E}"
EndProject
Project("{8BC9CEB8-8B4A-11D0-8D11-00A0C91BC942}") = "1.4 - Decisions and Loops", "1.4 - Decisions and Loops\1.4 - Decisions and Loops.vcxproj", "{334C9196-B8B8-4A6B-AA65-121D7724ACD2}"
EndProject
Project("{8BC9CEB8-8B4A-11D0-8D11-00A0C91BC942}") = "1.5 - Functions and Storage Options", "1.5 - Functions and Storage Options\1.5 - Functions and Storage Options.vcxproj", "{937DEC4C-096A-407B-9082-5CEBCEB16251}"
EndProject
Project("{8BC9CEB8-8B4A-11D0-8D11-00A0C91BC942}") = "1.3.1", "1.3.1\1.3.1.vcxproj", "{0F3C96CF-7821-4244-A436-0A5008E8AF9D}"
EndProject
Project("{8BC9CEB8-8B4A-11D0-8D11-00A0C91BC942}") = "1.3.2", "1.3.2\1.3.2.vcxproj", "{99C2C238-07D3-48B4-A196-FAA2D76011C6}"
EndProject
Project("{8BC9CEB8-8B4A-11D0-8D11-00A0C91BC942}") = "1.3.3", "1.3.3\1.3.3.vcxproj", "{284DE873-9EEF-499E-A52B-659A906DC678}"
EndProject
Project("{8BC9CEB8-8B4A-11D0-8D11-00A0C91BC942}") = "1.3.4", "1.3.4\1.3.4.vcxproj", "{CA3C0F55-EF6B-485E-B96F-E2A8D8E3EEB1}"
EndProject
Project("{8BC9CEB8-8B4A-11D0-8D11-00A0C91BC942}") = "1.3.5", "1.3.5\1.3.5.vcxproj", "{0F3BAFE5-1235-47B4-85C6-3B12A3CA6BAA}"
EndProject
Project("{8BC9CEB8-8B4A-11D0-8D11-00A0C91BC942}") = "1.3.6", "1.3.6\1.3.6.vcxproj", "{DAEF5A62-79C4-426B-AB92-AB34310281DA}"
EndProject
Project("{8BC9CEB8-8B4A-11D0-8D11-00A0C91BC942}") = "1.3.7", "1.3.7\1.3.7.vcxproj", "{A9347220-437C-44CE-8169-88ABF08E1B21}"
EndProject
Project("{8BC9CEB8-8B4A-11D0-8D11-00A0C91BC942}") = "1.3.8", "1.3.8\1.3.8.vcxproj", "{64D1853C-1854-46DE-BF23-CFBBB5F8E936}"
EndProject
Project("{8BC9CEB8-8B4A-11D0-8D11-00A0C91BC942}") = "1.3.9", "1.3.9\1.3.9.vcxproj", "{EDF02C37-1DE1-4301-B35A-F00865690CF9}"
EndProject
Project("{8BC9CEB8-8B4A-11D0-8D11-00A0C91BC942}") = "1.4.1", "1.4.1\1.4.1.vcxproj", "{4A2EB00D-8EE9-43B0-93B4-2639E5E6783A}"
EndProject
Project("{8BC9CEB8-8B4A-11D0-8D11-00A0C91BC942}") = "1.4.2", "1.4.2\1.4.2.vcxproj", "{A1ABF3CD-ABEE-4265-AEF6-B3E0E9668396}"
EndProject
Project("{8BC9CEB8-8B4A-11D0-8D11-00A0C91BC942}") = "1.4.3", "1.4.3\1.4.3.vcxproj", "{B61CF5F4-9CAF-4657-8976-A6DC959BBA9E}"
EndProject
Project("{8BC9CEB8-8B4A-11D0-8D11-00A0C91BC942}") = "1.4.4", "1.4.4\1.4.4.vcxproj", "{24F1F3C5-D41D-4379-8895-AD0B95A00094}"
EndProject
Project("{8BC9CEB8-8B4A-11D0-8D11-00A0C91BC942}") = "1.4.5", "1.4.5\1.4.5.vcxproj", "{4DC9E027-25E6-459C-B45C-FEF996014D4D}"
EndProject
Project("{8BC9CEB8-8B4A-11D0-8D11-00A0C91BC942}") = "1.4.6", "1.4.6\1.4.6.vcxproj", "{70C30224-1D23-4368-A426-B497E7EC7D57}"
EndProject
Project("{8BC9CEB8-8B4A-11D0-8D11-00A0C91BC942}") = "1.4.7", "1.4.7\1.4.7.vcxproj", "{255E005E-3A0F-48CA-8942-09F529201AF6}"
EndProject
Project("{8BC9CEB8-8B4A-11D0-8D11-00A0C91BC942}") = "1.5.1", "1.5.1\1.5.1.vcxproj", "{DF29E89B-DB90-4213-8689-3855DF3C1F3E}"
EndProject
Project("{8BC9CEB8-8B4A-11D0-8D11-00A0C91BC942}") = "1.5.2", "1.5.2\1.5.2.vcxproj", "{8647BBD2-E6CA-4C78-9311-F8404D8F5686}"
EndProject
Project("{8BC9CEB8-8B4A-11D0-8D11-00A0C91BC942}") = "1.5.3", "1.5.3\1.5.3.vcxproj", "{D40D7439-9AC1-4B2D-9A55-131087A6A85E}"
EndProject
Project("{8BC9CEB8-8B4A-11D0-8D11-00A0C91BC942}") = "1.5.4", "1.5.4\1.5.4.vcxproj", "{81BF2BED-F962-4D23-9DBC-F72B4D17FEBF}"
EndProject
Project("{2150E333-8FDC-42A3-9474-1A3956D46DE8}") = "Level 2", "Level 2", "{F96C80DD-5B85-4C4F-B818-15824E47B6A6}"
EndProject
Project("{2150E333-8FDC-42A3-9474-1A3956D46DE8}") = "Level 2", "Level 2", "{76F87A10-7EFE-4D8F-8E29-61C16E1C2D65}"
EndProject
Project("{8BC9CEB8-8B4A-11D0-8D11-00A0C91BC942}") = "1.6 - The Preprocessor", "1.6 - The Preprocessor\1.6 - The Preprocessor.vcxproj", "{7F57E490-63A8-4AD8-B8FF-F557DAA04142}"
EndProject
Project("{8BC9CEB8-8B4A-11D0-8D11-00A0C91BC942}") = "1.7 - Pointers and Arrays", "1.7 - Pointers and Arrays\1.7 - Pointers and Arrays.vcxproj", "{C6437715-B353-4D78-ABB6-08C3FECA5A81}"
EndProject
Project("{8BC9CEB8-8B4A-11D0-8D11-00A0C91BC942}") = "1.8 - Data Aggregates", "1.8 - Data Aggregates\1.8 - Data Aggregates.vcxproj", "{AED42C0F-2696-4412-ABE1-612C159346DC}"
EndProject
Project("{8BC9CEB8-8B4A-11D0-8D11-00A0C91BC942}") = "1.9 - Dynamic Memory", "1.9 - Dynamic Memory\1.9 - Dynamic Memory.vcxproj", "{2D15DB9F-9254-4498-9C7A-234D76DB9E2C}"
EndProject
Project("{2150E333-8FDC-42A3-9474-1A3956D46DE8}") = "1.6", "1.6", "{5399CFE4-C6B4-4132-9C8A-B4D418301B65}"
EndProject
Project("{2150E333-8FDC-42A3-9474-1A3956D46DE8}") = "1.7", "1.7", "{831E9CCB-5E53-4C05-AD97-98DAC2C32F0F}"
EndProject
Project("{2150E333-8FDC-42A3-9474-1A3956D46DE8}") = "1.8", "1.8", "{35EED5CF-3406-480B-8BF8-1A86DCEBF05D}"
EndProject
Project("{2150E333-8FDC-42A3-9474-1A3956D46DE8}") = "1.9", "1.9", "{BFBAE0E9-88A5-4093-A284-C8E5D672888D}"
EndProject
Project("{8BC9CEB8-8B4A-11D0-8D11-00A0C91BC942}") = "1.6.1", "1.6.1\1.6.1.vcxproj", "{A3CE0531-C2AF-4840-B70F-51A8DA5859BA}"
EndProject
Project("{8BC9CEB8-8B4A-11D0-8D11-00A0C91BC942}") = "1.6.2", "1.6.2\1.6.2.vcxproj", "{D415CE8B-A5F2-4F71-9DCB-F2BD32ADE52A}"
EndProject
Project("{8BC9CEB8-8B4A-11D0-8D11-00A0C91BC942}") = "1.7.1", "1.7.1\1.7.1.vcxproj", "{1B4D9A49-D5AB-4A7A-8007-FB8420CE3D30}"
EndProject
Project("{8BC9CEB8-8B4A-11D0-8D11-00A0C91BC942}") = "1.7.2", "1.7.2\1.7.2.vcxproj", "{24784B55-6D3A-4490-A659-0EF953BDE421}"
EndProject
Project("{8BC9CEB8-8B4A-11D0-8D11-00A0C91BC942}") = "1.7.3", "1.7.3\1.7.3.vcxproj", "{0B5A3FBB-F452-4CBC-BE0E-853E162D4502}"
EndProject
Project("{8BC9CEB8-8B4A-11D0-8D11-00A0C91BC942}") = "1.7.4", "1.7.4\1.7.4.vcxproj", "{0656CDBB-80ED-4243-9BF9-63F1984148B4}"
EndProject
Project("{8BC9CEB8-8B4A-11D0-8D11-00A0C91BC942}") = "1.8.1", "1.8.1\1.8.1.vcxproj", "{7E28A6FE-66AA-40AC-9B1B-296F77C092DC}"
EndProject
Project("{8BC9CEB8-8B4A-11D0-8D11-00A0C91BC942}") = "1.9.1", "1.9.1\1.9.1.vcxproj", "{1DE4D7DB-AA30-420C-B82F-70ED726C657F}"
EndProject
Project("{8BC9CEB8-8B4A-11D0-8D11-00A0C91BC942}") = "1.9.2", "1.9.2\1.9.2.vcxproj", "{DAD073E3-CB76-41F1-B582-9A8B8DCF657A}"
EndProject
Project("{2150E333-8FDC-42A3-9474-1A3956D46DE8}") = "Level 3", "Level 3", "{56A657BA-2F53-4E69-B46C-78EE90AE1F7B}"
EndProject
Project("{8BC9CEB8-8B4A-11D0-8D11-00A0C91BC942}") = "2.3", "2.3\2.3.vcxproj", "{BB6502DF-2F6F-4C05-88B3-DCFA2FB7ECF9}"
EndProject
Project("{2150E333-8FDC-42A3-9474-1A3956D46DE8}") = "Level 3", "Level 3", "{08A0DB9E-8F8D-422F-AB1A-62CFFA3A2D32}"
EndProject
Project("{2150E333-8FDC-42A3-9474-1A3956D46DE8}") = "2.2", "2.2", "{0DFAEC89-90FE-4F5B-8807-708B9640C119}"
EndProject
Project("{2150E333-8FDC-42A3-9474-1A3956D46DE8}") = "2.3", "2.3", "{684EACCD-C24F-42B8-AE4E-BEEA6DA3B265}"
EndProject
Project("{8BC9CEB8-8B4A-11D0-8D11-00A0C91BC942}") = "2.2.1", "2.2.1\2.2.1.vcxproj", "{40587428-B27F-4BA6-A5A1-D3B189A46883}"
EndProject
Project("{8BC9CEB8-8B4A-11D0-8D11-00A0C91BC942}") = "2.2.2", "2.2.2\2.2.2.vcxproj", "{E370257D-EE59-4E4C-8595-1B52504EBB0B}"
EndProject
Project("{8BC9CEB8-8B4A-11D0-8D11-00A0C91BC942}") = "2.3.1", "2.3.1\2.3.1.vcxproj", "{430378AA-BEC7-435F-AD21-D9E2B7735A26}"
EndProject
Project("{8BC9CEB8-8B4A-11D0-8D11-00A0C91BC942}") = "2.3.2", "2.3.2\2.3.2.vcxproj", "{A1A8B476-9BAE-436A-899A-42BA1A248D17}"
EndProject
Project("{8BC9CEB8-8B4A-11D0-8D11-00A0C91BC942}") = "2.3.3", "2.3.3\2.3.3.vcxproj", "{45CDA01F-0FB5-4644-BC2D-ACB5E5576DF2}"
EndProject
Project("{8BC9CEB8-8B4A-11D0-8D11-00A0C91BC942}") = "2.3.4", "2.3.4\2.3.4.vcxproj", "{2ABA7AA8-8A61-4F84-B9BF-D191B6167018}"
EndProject
Project("{8BC9CEB8-8B4A-11D0-8D11-00A0C91BC942}") = "2.3.5", "2.3.5\2.3.5.vcxproj", "{3DC896E4-C1C0-4D1B-9C1C-DFB7466E092C}"
EndProject
Project("{8BC9CEB8-8B4A-11D0-8D11-00A0C91BC942}") = "2.3.6", "2.3.6\2.3.6.vcxproj", "{6B1EFB0D-E1C7-41F3-9076-08116D9A62AA}"
EndProject
Project("{8BC9CEB8-8B4A-11D0-8D11-00A0C91BC942}") = "2.3.7", "2.3.7\2.3.7.vcxproj", "{AEA63DAE-598F-41B7-B568-9393A8845034}"
EndProject
Project("{2150E333-8FDC-42A3-9474-1A3956D46DE8}") = "Level 4", "Level 4", "{DFC54D30-CB2C-4B02-8FFA-60E26BB84146}"
EndProject
Project("{2150E333-8FDC-42A3-9474-1A3956D46DE8}") = "Level 4", "Level 4", "{78BE1A1A-9D5F-4EEA-9D40-B8FD98DA9315}"
EndProject
Project("{8BC9CEB8-8B4A-11D0-8D11-00A0C91BC942}") = "2.4", "2.4\2.4.vcxproj", "{E98FB524-A722-4E91-9FB1-82AC207FAD4C}"
EndProject
Project("{8BC9CEB8-8B4A-11D0-8D11-00A0C91BC942}") = "2.5", "2.5\2.5.vcxproj", "{B4A03BE7-146D-4540-87A9-E45C035A3B11}"
EndProject
Project("{8BC9CEB8-8B4A-11D0-8D11-00A0C91BC942}") = "2.6", "2.6\2.6.vcxproj", "{9CD80EB8-E7F7-4564-9466-B69AE0A84CEC}"
EndProject
Project("{2150E333-8FDC-42A3-9474-1A3956D46DE8}") = "2.4", "2.4", "{FA52C431-0CE8-4B5F-B5F8-FC83B242303A}"
EndProject
Project("{2150E333-8FDC-42A3-9474-1A3956D46DE8}") = "2.5", "2.5", "{3D78734B-22DF-4F05-AA06-559ECC8244B9}"
EndProject
Project("{2150E333-8FDC-42A3-9474-1A3956D46DE8}") = "2.6", "2.6", "{FD36C145-E4EB-41FB-AA75-7BD03DAB938E}"
EndProject
Project("{8BC9CEB8-8B4A-11D0-8D11-00A0C91BC942}") = "2.6.1", "2.6.1\2.6.1.vcxproj", "{3BA2B7EA-8B52-410B-A124-83923E9112D8}"
EndProject
Project("{8BC9CEB8-8B4A-11D0-8D11-00A0C91BC942}") = "2.4.1", "2.4.1\2.4.1.vcxproj", "{C7DAD822-E807-435A-898F-806FD5F410D4}"
EndProject
Project("{8BC9CEB8-8B4A-11D0-8D11-00A0C91BC942}") = "2.4.2", "2.4.2\2.4.2.vcxproj", "{E3A96EE5-4350-42AF-9214-7634D2831481}"
EndProject
Project("{8BC9CEB8-8B4A-11D0-8D11-00A0C91BC942}") = "2.4.3", "2.4.3\2.4.3.vcxproj", "{A84B9CA7-F416-43EA-A4DE-6D94058EAB07}"
EndProject
Project("{8BC9CEB8-8B4A-11D0-8D11-00A0C91BC942}") = "2.4.4", "2.4.14\2.4.14.vcxproj", "{4D3D778C-3A24-4916-A7A0-43F406BEC877}"
EndProject
Project("{8BC9CEB8-8B4A-11D0-8D11-00A0C91BC942}") = "2.5.1", "2.5.1\2.5.1.vcxproj", "{B9C64C35-57B1-4A98-A30F-ABB7B8A3BEFA}"
EndProject
Project("{8BC9CEB8-8B4A-11D0-8D11-00A0C91BC942}") = "2.5.2", "2.5.2\2.5.2.vcxproj", "{61D859BE-7317-4641-A75D-DE7B1CB98E3C}"
EndProject
Project("{8BC9CEB8-8B4A-11D0-8D11-00A0C91BC942}") = "2.5.3", "2.5.3\2.5.3.vcxproj", "{35B1B277-EA8F-49D2-AEA6-ECFB0E34013C}"
EndProject
Project("{2150E333-8FDC-42A3-9474-1A3956D46DE8}") = "Level 5", "Level 5", "{74F5A370-1EA1-4DB4-AC33-4C4275F87513}"
EndProject
Project("{2150E333-8FDC-42A3-9474-1A3956D46DE8}") = "Level 5", "Level 5", "{A567B35A-2ECC-4580-A755-E464DC0E842B}"
EndProject
Project("{8BC9CEB8-8B4A-11D0-8D11-00A0C91BC942}") = "3.5", "3.5\3.5.vcxproj", "{101F14E6-E2BC-47A4-8874-3B2E7AB5DE96}"
EndProject
Project("{2150E333-8FDC-42A3-9474-1A3956D46DE8}") = "3.4", "3.4", "{79B07737-89E2-4F0A-BB64-DB8A70B9F68B}"
EndProject
Project("{2150E333-8FDC-42A3-9474-1A3956D46DE8}") = "3.5", "3.5", "{44CE7426-3D70-470A-9471-C1E6201792FD}"
EndProject
Project("{2150E333-8FDC-42A3-9474-1A3956D46DE8}") = "3.6", "3.6", "{A072265A-47EA-4E59-99BC-3A1E16AEE8FE}"
EndProject
Project("{8BC9CEB8-8B4A-11D0-8D11-00A0C91BC942}") = "3.4.1", "3.4.1\3.4.1.vcxproj", "{71DFB096-B8DA-4D93-8A5F-80CA7108A4F9}"
EndProject
Project("{8BC9CEB8-8B4A-11D0-8D11-00A0C91BC942}") = "3.4.2", "3.4.2\3.4.2.vcxproj", "{050D2DF4-FC40-41FB-A688-8DC8CABDAFED}"
EndProject
Project("{8BC9CEB8-8B4A-11D0-8D11-00A0C91BC942}") = "3.5.1", "3.5.1\3.5.1.vcxproj", "{363084A3-7ED3-4102-ACBF-EF885D0C197A}"
EndProject
Project("{8BC9CEB8-8B4A-11D0-8D11-00A0C91BC942}") = "3.5.2", "3.5.2\3.5.2.vcxproj", "{B5150CA2-7AE6-4882-AB9F-FCFC81415BBB}"
EndProject
Project("{8BC9CEB8-8B4A-11D0-8D11-00A0C91BC942}") = "3.5.3", "3.5.3\3.5.3.vcxproj", "{36F5B4EF-5CAE-48A1-9020-0BD1D25F66B1}"
EndProject
Project("{8BC9CEB8-8B4A-11D0-8D11-00A0C91BC942}") = "3.5.4", "3.5.4\3.5.4.vcxproj", "{561C8044-B3D5-4CFE-9DBF-A4D906AF5508}"
EndProject
Project("{8BC9CEB8-8B4A-11D0-8D11-00A0C91BC942}") = "3.5.5", "3.5.5\3.5.5.vcxproj", "{BA4FD9F6-FE71-4369-BAFD-133AA4DCF90B}"
EndProject
Project("{8BC9CEB8-8B4A-11D0-8D11-00A0C91BC942}") = "3.6.1", "3.6.1\3.6.1.vcxproj", "{EC514D4B-C627-4DEA-915C-23C5EA69B566}"
EndProject
Project("{8BC9CEB8-8B4A-11D0-8D11-00A0C91BC942}") = "3.6.2", "3.6.2\3.6.2.vcxproj", "{EAB9E5B1-F47F-450D-A6A9-8759555B4D21}"
EndProject
Global
	GlobalSection(SolutionConfigurationPlatforms) = preSolution
		Debug|x64 = Debug|x64
		Debug|x86 = Debug|x86
		Release|x64 = Release|x64
		Release|x86 = Release|x86
	EndGlobalSection
	GlobalSection(ProjectConfigurationPlatforms) = postSolution
		{174131BC-BA80-496B-9FB1-1F05A680F0CD}.Debug|x64.ActiveCfg = Debug|x64
		{174131BC-BA80-496B-9FB1-1F05A680F0CD}.Debug|x64.Build.0 = Debug|x64
		{174131BC-BA80-496B-9FB1-1F05A680F0CD}.Debug|x86.ActiveCfg = Debug|Win32
		{174131BC-BA80-496B-9FB1-1F05A680F0CD}.Debug|x86.Build.0 = Debug|Win32
		{174131BC-BA80-496B-9FB1-1F05A680F0CD}.Release|x64.ActiveCfg = Release|x64
		{174131BC-BA80-496B-9FB1-1F05A680F0CD}.Release|x64.Build.0 = Release|x64
		{174131BC-BA80-496B-9FB1-1F05A680F0CD}.Release|x86.ActiveCfg = Release|Win32
		{174131BC-BA80-496B-9FB1-1F05A680F0CD}.Release|x86.Build.0 = Release|Win32
		{ADE10B59-A524-429D-ACD8-CEC92883ED44}.Debug|x64.ActiveCfg = Debug|x64
		{ADE10B59-A524-429D-ACD8-CEC92883ED44}.Debug|x64.Build.0 = Debug|x64
		{ADE10B59-A524-429D-ACD8-CEC92883ED44}.Debug|x86.ActiveCfg = Debug|Win32
		{ADE10B59-A524-429D-ACD8-CEC92883ED44}.Debug|x86.Build.0 = Debug|Win32
		{ADE10B59-A524-429D-ACD8-CEC92883ED44}.Release|x64.ActiveCfg = Release|x64
		{ADE10B59-A524-429D-ACD8-CEC92883ED44}.Release|x64.Build.0 = Release|x64
		{ADE10B59-A524-429D-ACD8-CEC92883ED44}.Release|x86.ActiveCfg = Release|Win32
		{ADE10B59-A524-429D-ACD8-CEC92883ED44}.Release|x86.Build.0 = Release|Win32
		{D1CC975E-C68C-48D8-9EC9-A7BB2FA5247E}.Debug|x64.ActiveCfg = Debug|x64
		{D1CC975E-C68C-48D8-9EC9-A7BB2FA5247E}.Debug|x64.Build.0 = Debug|x64
		{D1CC975E-C68C-48D8-9EC9-A7BB2FA5247E}.Debug|x86.ActiveCfg = Debug|Win32
		{D1CC975E-C68C-48D8-9EC9-A7BB2FA5247E}.Debug|x86.Build.0 = Debug|Win32
		{D1CC975E-C68C-48D8-9EC9-A7BB2FA5247E}.Release|x64.ActiveCfg = Release|x64
		{D1CC975E-C68C-48D8-9EC9-A7BB2FA5247E}.Release|x64.Build.0 = Release|x64
		{D1CC975E-C68C-48D8-9EC9-A7BB2FA5247E}.Release|x86.ActiveCfg = Release|Win32
		{D1CC975E-C68C-48D8-9EC9-A7BB2FA5247E}.Release|x86.Build.0 = Release|Win32
		{334C9196-B8B8-4A6B-AA65-121D7724ACD2}.Debug|x64.ActiveCfg = Debug|x64
		{334C9196-B8B8-4A6B-AA65-121D7724ACD2}.Debug|x64.Build.0 = Debug|x64
		{334C9196-B8B8-4A6B-AA65-121D7724ACD2}.Debug|x86.ActiveCfg = Debug|Win32
		{334C9196-B8B8-4A6B-AA65-121D7724ACD2}.Debug|x86.Build.0 = Debug|Win32
		{334C9196-B8B8-4A6B-AA65-121D7724ACD2}.Release|x64.ActiveCfg = Release|x64
		{334C9196-B8B8-4A6B-AA65-121D7724ACD2}.Release|x64.Build.0 = Release|x64
		{334C9196-B8B8-4A6B-AA65-121D7724ACD2}.Release|x86.ActiveCfg = Release|Win32
		{334C9196-B8B8-4A6B-AA65-121D7724ACD2}.Release|x86.Build.0 = Release|Win32
		{937DEC4C-096A-407B-9082-5CEBCEB16251}.Debug|x64.ActiveCfg = Debug|x64
		{937DEC4C-096A-407B-9082-5CEBCEB16251}.Debug|x64.Build.0 = Debug|x64
		{937DEC4C-096A-407B-9082-5CEBCEB16251}.Debug|x86.ActiveCfg = Debug|Win32
		{937DEC4C-096A-407B-9082-5CEBCEB16251}.Debug|x86.Build.0 = Debug|Win32
		{937DEC4C-096A-407B-9082-5CEBCEB16251}.Release|x64.ActiveCfg = Release|x64
		{937DEC4C-096A-407B-9082-5CEBCEB16251}.Release|x64.Build.0 = Release|x64
		{937DEC4C-096A-407B-9082-5CEBCEB16251}.Release|x86.ActiveCfg = Release|Win32
		{937DEC4C-096A-407B-9082-5CEBCEB16251}.Release|x86.Build.0 = Release|Win32
		{0F3C96CF-7821-4244-A436-0A5008E8AF9D}.Debug|x64.ActiveCfg = Debug|x64
		{0F3C96CF-7821-4244-A436-0A5008E8AF9D}.Debug|x64.Build.0 = Debug|x64
		{0F3C96CF-7821-4244-A436-0A5008E8AF9D}.Debug|x86.ActiveCfg = Debug|Win32
		{0F3C96CF-7821-4244-A436-0A5008E8AF9D}.Debug|x86.Build.0 = Debug|Win32
		{0F3C96CF-7821-4244-A436-0A5008E8AF9D}.Release|x64.ActiveCfg = Release|x64
		{0F3C96CF-7821-4244-A436-0A5008E8AF9D}.Release|x64.Build.0 = Release|x64
		{0F3C96CF-7821-4244-A436-0A5008E8AF9D}.Release|x86.ActiveCfg = Release|Win32
		{0F3C96CF-7821-4244-A436-0A5008E8AF9D}.Release|x86.Build.0 = Release|Win32
		{99C2C238-07D3-48B4-A196-FAA2D76011C6}.Debug|x64.ActiveCfg = Debug|x64
		{99C2C238-07D3-48B4-A196-FAA2D76011C6}.Debug|x64.Build.0 = Debug|x64
		{99C2C238-07D3-48B4-A196-FAA2D76011C6}.Debug|x86.ActiveCfg = Debug|Win32
		{99C2C238-07D3-48B4-A196-FAA2D76011C6}.Debug|x86.Build.0 = Debug|Win32
		{99C2C238-07D3-48B4-A196-FAA2D76011C6}.Release|x64.ActiveCfg = Release|x64
		{99C2C238-07D3-48B4-A196-FAA2D76011C6}.Release|x64.Build.0 = Release|x64
		{99C2C238-07D3-48B4-A196-FAA2D76011C6}.Release|x86.ActiveCfg = Release|Win32
		{99C2C238-07D3-48B4-A196-FAA2D76011C6}.Release|x86.Build.0 = Release|Win32
		{284DE873-9EEF-499E-A52B-659A906DC678}.Debug|x64.ActiveCfg = Debug|x64
		{284DE873-9EEF-499E-A52B-659A906DC678}.Debug|x64.Build.0 = Debug|x64
		{284DE873-9EEF-499E-A52B-659A906DC678}.Debug|x86.ActiveCfg = Debug|Win32
		{284DE873-9EEF-499E-A52B-659A906DC678}.Debug|x86.Build.0 = Debug|Win32
		{284DE873-9EEF-499E-A52B-659A906DC678}.Release|x64.ActiveCfg = Release|x64
		{284DE873-9EEF-499E-A52B-659A906DC678}.Release|x64.Build.0 = Release|x64
		{284DE873-9EEF-499E-A52B-659A906DC678}.Release|x86.ActiveCfg = Release|Win32
		{284DE873-9EEF-499E-A52B-659A906DC678}.Release|x86.Build.0 = Release|Win32
		{CA3C0F55-EF6B-485E-B96F-E2A8D8E3EEB1}.Debug|x64.ActiveCfg = Debug|x64
		{CA3C0F55-EF6B-485E-B96F-E2A8D8E3EEB1}.Debug|x64.Build.0 = Debug|x64
		{CA3C0F55-EF6B-485E-B96F-E2A8D8E3EEB1}.Debug|x86.ActiveCfg = Debug|Win32
		{CA3C0F55-EF6B-485E-B96F-E2A8D8E3EEB1}.Debug|x86.Build.0 = Debug|Win32
		{CA3C0F55-EF6B-485E-B96F-E2A8D8E3EEB1}.Release|x64.ActiveCfg = Release|x64
		{CA3C0F55-EF6B-485E-B96F-E2A8D8E3EEB1}.Release|x64.Build.0 = Release|x64
		{CA3C0F55-EF6B-485E-B96F-E2A8D8E3EEB1}.Release|x86.ActiveCfg = Release|Win32
		{CA3C0F55-EF6B-485E-B96F-E2A8D8E3EEB1}.Release|x86.Build.0 = Release|Win32
		{0F3BAFE5-1235-47B4-85C6-3B12A3CA6BAA}.Debug|x64.ActiveCfg = Debug|x64
		{0F3BAFE5-1235-47B4-85C6-3B12A3CA6BAA}.Debug|x64.Build.0 = Debug|x64
		{0F3BAFE5-1235-47B4-85C6-3B12A3CA6BAA}.Debug|x86.ActiveCfg = Debug|Win32
		{0F3BAFE5-1235-47B4-85C6-3B12A3CA6BAA}.Debug|x86.Build.0 = Debug|Win32
		{0F3BAFE5-1235-47B4-85C6-3B12A3CA6BAA}.Release|x64.ActiveCfg = Release|x64
		{0F3BAFE5-1235-47B4-85C6-3B12A3CA6BAA}.Release|x64.Build.0 = Release|x64
		{0F3BAFE5-1235-47B4-85C6-3B12A3CA6BAA}.Release|x86.ActiveCfg = Release|Win32
		{0F3BAFE5-1235-47B4-85C6-3B12A3CA6BAA}.Release|x86.Build.0 = Release|Win32
		{DAEF5A62-79C4-426B-AB92-AB34310281DA}.Debug|x64.ActiveCfg = Debug|x64
		{DAEF5A62-79C4-426B-AB92-AB34310281DA}.Debug|x64.Build.0 = Debug|x64
		{DAEF5A62-79C4-426B-AB92-AB34310281DA}.Debug|x86.ActiveCfg = Debug|Win32
		{DAEF5A62-79C4-426B-AB92-AB34310281DA}.Debug|x86.Build.0 = Debug|Win32
		{DAEF5A62-79C4-426B-AB92-AB34310281DA}.Release|x64.ActiveCfg = Release|x64
		{DAEF5A62-79C4-426B-AB92-AB34310281DA}.Release|x64.Build.0 = Release|x64
		{DAEF5A62-79C4-426B-AB92-AB34310281DA}.Release|x86.ActiveCfg = Release|Win32
		{DAEF5A62-79C4-426B-AB92-AB34310281DA}.Release|x86.Build.0 = Release|Win32
		{A9347220-437C-44CE-8169-88ABF08E1B21}.Debug|x64.ActiveCfg = Debug|x64
		{A9347220-437C-44CE-8169-88ABF08E1B21}.Debug|x64.Build.0 = Debug|x64
		{A9347220-437C-44CE-8169-88ABF08E1B21}.Debug|x86.ActiveCfg = Debug|Win32
		{A9347220-437C-44CE-8169-88ABF08E1B21}.Debug|x86.Build.0 = Debug|Win32
		{A9347220-437C-44CE-8169-88ABF08E1B21}.Release|x64.ActiveCfg = Release|x64
		{A9347220-437C-44CE-8169-88ABF08E1B21}.Release|x64.Build.0 = Release|x64
		{A9347220-437C-44CE-8169-88ABF08E1B21}.Release|x86.ActiveCfg = Release|Win32
		{A9347220-437C-44CE-8169-88ABF08E1B21}.Release|x86.Build.0 = Release|Win32
		{64D1853C-1854-46DE-BF23-CFBBB5F8E936}.Debug|x64.ActiveCfg = Debug|x64
		{64D1853C-1854-46DE-BF23-CFBBB5F8E936}.Debug|x64.Build.0 = Debug|x64
		{64D1853C-1854-46DE-BF23-CFBBB5F8E936}.Debug|x86.ActiveCfg = Debug|Win32
		{64D1853C-1854-46DE-BF23-CFBBB5F8E936}.Debug|x86.Build.0 = Debug|Win32
		{64D1853C-1854-46DE-BF23-CFBBB5F8E936}.Release|x64.ActiveCfg = Release|x64
		{64D1853C-1854-46DE-BF23-CFBBB5F8E936}.Release|x64.Build.0 = Release|x64
		{64D1853C-1854-46DE-BF23-CFBBB5F8E936}.Release|x86.ActiveCfg = Release|Win32
		{64D1853C-1854-46DE-BF23-CFBBB5F8E936}.Release|x86.Build.0 = Release|Win32
		{EDF02C37-1DE1-4301-B35A-F00865690CF9}.Debug|x64.ActiveCfg = Debug|x64
		{EDF02C37-1DE1-4301-B35A-F00865690CF9}.Debug|x64.Build.0 = Debug|x64
		{EDF02C37-1DE1-4301-B35A-F00865690CF9}.Debug|x86.ActiveCfg = Debug|Win32
		{EDF02C37-1DE1-4301-B35A-F00865690CF9}.Debug|x86.Build.0 = Debug|Win32
		{EDF02C37-1DE1-4301-B35A-F00865690CF9}.Release|x64.ActiveCfg = Release|x64
		{EDF02C37-1DE1-4301-B35A-F00865690CF9}.Release|x64.Build.0 = Release|x64
		{EDF02C37-1DE1-4301-B35A-F00865690CF9}.Release|x86.ActiveCfg = Release|Win32
		{EDF02C37-1DE1-4301-B35A-F00865690CF9}.Release|x86.Build.0 = Release|Win32
		{4A2EB00D-8EE9-43B0-93B4-2639E5E6783A}.Debug|x64.ActiveCfg = Debug|x64
		{4A2EB00D-8EE9-43B0-93B4-2639E5E6783A}.Debug|x64.Build.0 = Debug|x64
		{4A2EB00D-8EE9-43B0-93B4-2639E5E6783A}.Debug|x86.ActiveCfg = Debug|Win32
		{4A2EB00D-8EE9-43B0-93B4-2639E5E6783A}.Debug|x86.Build.0 = Debug|Win32
		{4A2EB00D-8EE9-43B0-93B4-2639E5E6783A}.Release|x64.ActiveCfg = Release|x64
		{4A2EB00D-8EE9-43B0-93B4-2639E5E6783A}.Release|x64.Build.0 = Release|x64
		{4A2EB00D-8EE9-43B0-93B4-2639E5E6783A}.Release|x86.ActiveCfg = Release|Win32
		{4A2EB00D-8EE9-43B0-93B4-2639E5E6783A}.Release|x86.Build.0 = Release|Win32
		{A1ABF3CD-ABEE-4265-AEF6-B3E0E9668396}.Debug|x64.ActiveCfg = Debug|x64
		{A1ABF3CD-ABEE-4265-AEF6-B3E0E9668396}.Debug|x64.Build.0 = Debug|x64
		{A1ABF3CD-ABEE-4265-AEF6-B3E0E9668396}.Debug|x86.ActiveCfg = Debug|Win32
		{A1ABF3CD-ABEE-4265-AEF6-B3E0E9668396}.Debug|x86.Build.0 = Debug|Win32
		{A1ABF3CD-ABEE-4265-AEF6-B3E0E9668396}.Release|x64.ActiveCfg = Release|x64
		{A1ABF3CD-ABEE-4265-AEF6-B3E0E9668396}.Release|x64.Build.0 = Release|x64
		{A1ABF3CD-ABEE-4265-AEF6-B3E0E9668396}.Release|x86.ActiveCfg = Release|Win32
		{A1ABF3CD-ABEE-4265-AEF6-B3E0E9668396}.Release|x86.Build.0 = Release|Win32
		{B61CF5F4-9CAF-4657-8976-A6DC959BBA9E}.Debug|x64.ActiveCfg = Debug|x64
		{B61CF5F4-9CAF-4657-8976-A6DC959BBA9E}.Debug|x64.Build.0 = Debug|x64
		{B61CF5F4-9CAF-4657-8976-A6DC959BBA9E}.Debug|x86.ActiveCfg = Debug|Win32
		{B61CF5F4-9CAF-4657-8976-A6DC959BBA9E}.Debug|x86.Build.0 = Debug|Win32
		{B61CF5F4-9CAF-4657-8976-A6DC959BBA9E}.Release|x64.ActiveCfg = Release|x64
		{B61CF5F4-9CAF-4657-8976-A6DC959BBA9E}.Release|x64.Build.0 = Release|x64
		{B61CF5F4-9CAF-4657-8976-A6DC959BBA9E}.Release|x86.ActiveCfg = Release|Win32
		{B61CF5F4-9CAF-4657-8976-A6DC959BBA9E}.Release|x86.Build.0 = Release|Win32
		{24F1F3C5-D41D-4379-8895-AD0B95A00094}.Debug|x64.ActiveCfg = Debug|x64
		{24F1F3C5-D41D-4379-8895-AD0B95A00094}.Debug|x64.Build.0 = Debug|x64
		{24F1F3C5-D41D-4379-8895-AD0B95A00094}.Debug|x86.ActiveCfg = Debug|Win32
		{24F1F3C5-D41D-4379-8895-AD0B95A00094}.Debug|x86.Build.0 = Debug|Win32
		{24F1F3C5-D41D-4379-8895-AD0B95A00094}.Release|x64.ActiveCfg = Release|x64
		{24F1F3C5-D41D-4379-8895-AD0B95A00094}.Release|x64.Build.0 = Release|x64
		{24F1F3C5-D41D-4379-8895-AD0B95A00094}.Release|x86.ActiveCfg = Release|Win32
		{24F1F3C5-D41D-4379-8895-AD0B95A00094}.Release|x86.Build.0 = Release|Win32
		{4DC9E027-25E6-459C-B45C-FEF996014D4D}.Debug|x64.ActiveCfg = Debug|x64
		{4DC9E027-25E6-459C-B45C-FEF996014D4D}.Debug|x64.Build.0 = Debug|x64
		{4DC9E027-25E6-459C-B45C-FEF996014D4D}.Debug|x86.ActiveCfg = Debug|Win32
		{4DC9E027-25E6-459C-B45C-FEF996014D4D}.Debug|x86.Build.0 = Debug|Win32
		{4DC9E027-25E6-459C-B45C-FEF996014D4D}.Release|x64.ActiveCfg = Release|x64
		{4DC9E027-25E6-459C-B45C-FEF996014D4D}.Release|x64.Build.0 = Release|x64
		{4DC9E027-25E6-459C-B45C-FEF996014D4D}.Release|x86.ActiveCfg = Release|Win32
		{4DC9E027-25E6-459C-B45C-FEF996014D4D}.Release|x86.Build.0 = Release|Win32
		{70C30224-1D23-4368-A426-B497E7EC7D57}.Debug|x64.ActiveCfg = Debug|x64
		{70C30224-1D23-4368-A426-B497E7EC7D57}.Debug|x64.Build.0 = Debug|x64
		{70C30224-1D23-4368-A426-B497E7EC7D57}.Debug|x86.ActiveCfg = Debug|Win32
		{70C30224-1D23-4368-A426-B497E7EC7D57}.Debug|x86.Build.0 = Debug|Win32
		{70C30224-1D23-4368-A426-B497E7EC7D57}.Release|x64.ActiveCfg = Release|x64
		{70C30224-1D23-4368-A426-B497E7EC7D57}.Release|x64.Build.0 = Release|x64
		{70C30224-1D23-4368-A426-B497E7EC7D57}.Release|x86.ActiveCfg = Release|Win32
		{70C30224-1D23-4368-A426-B497E7EC7D57}.Release|x86.Build.0 = Release|Win32
		{255E005E-3A0F-48CA-8942-09F529201AF6}.Debug|x64.ActiveCfg = Debug|x64
		{255E005E-3A0F-48CA-8942-09F529201AF6}.Debug|x64.Build.0 = Debug|x64
		{255E005E-3A0F-48CA-8942-09F529201AF6}.Debug|x86.ActiveCfg = Debug|Win32
		{255E005E-3A0F-48CA-8942-09F529201AF6}.Debug|x86.Build.0 = Debug|Win32
		{255E005E-3A0F-48CA-8942-09F529201AF6}.Release|x64.ActiveCfg = Release|x64
		{255E005E-3A0F-48CA-8942-09F529201AF6}.Release|x64.Build.0 = Release|x64
		{255E005E-3A0F-48CA-8942-09F529201AF6}.Release|x86.ActiveCfg = Release|Win32
		{255E005E-3A0F-48CA-8942-09F529201AF6}.Release|x86.Build.0 = Release|Win32
		{DF29E89B-DB90-4213-8689-3855DF3C1F3E}.Debug|x64.ActiveCfg = Debug|x64
		{DF29E89B-DB90-4213-8689-3855DF3C1F3E}.Debug|x64.Build.0 = Debug|x64
		{DF29E89B-DB90-4213-8689-3855DF3C1F3E}.Debug|x86.ActiveCfg = Debug|Win32
		{DF29E89B-DB90-4213-8689-3855DF3C1F3E}.Debug|x86.Build.0 = Debug|Win32
		{DF29E89B-DB90-4213-8689-3855DF3C1F3E}.Release|x64.ActiveCfg = Release|x64
		{DF29E89B-DB90-4213-8689-3855DF3C1F3E}.Release|x64.Build.0 = Release|x64
		{DF29E89B-DB90-4213-8689-3855DF3C1F3E}.Release|x86.ActiveCfg = Release|Win32
		{DF29E89B-DB90-4213-8689-3855DF3C1F3E}.Release|x86.Build.0 = Release|Win32
		{8647BBD2-E6CA-4C78-9311-F8404D8F5686}.Debug|x64.ActiveCfg = Debug|x64
		{8647BBD2-E6CA-4C78-9311-F8404D8F5686}.Debug|x64.Build.0 = Debug|x64
		{8647BBD2-E6CA-4C78-9311-F8404D8F5686}.Debug|x86.ActiveCfg = Debug|Win32
		{8647BBD2-E6CA-4C78-9311-F8404D8F5686}.Debug|x86.Build.0 = Debug|Win32
		{8647BBD2-E6CA-4C78-9311-F8404D8F5686}.Release|x64.ActiveCfg = Release|x64
		{8647BBD2-E6CA-4C78-9311-F8404D8F5686}.Release|x64.Build.0 = Release|x64
		{8647BBD2-E6CA-4C78-9311-F8404D8F5686}.Release|x86.ActiveCfg = Release|Win32
		{8647BBD2-E6CA-4C78-9311-F8404D8F5686}.Release|x86.Build.0 = Release|Win32
		{D40D7439-9AC1-4B2D-9A55-131087A6A85E}.Debug|x64.ActiveCfg = Debug|x64
		{D40D7439-9AC1-4B2D-9A55-131087A6A85E}.Debug|x64.Build.0 = Debug|x64
		{D40D7439-9AC1-4B2D-9A55-131087A6A85E}.Debug|x86.ActiveCfg = Debug|Win32
		{D40D7439-9AC1-4B2D-9A55-131087A6A85E}.Debug|x86.Build.0 = Debug|Win32
		{D40D7439-9AC1-4B2D-9A55-131087A6A85E}.Release|x64.ActiveCfg = Release|x64
		{D40D7439-9AC1-4B2D-9A55-131087A6A85E}.Release|x64.Build.0 = Release|x64
		{D40D7439-9AC1-4B2D-9A55-131087A6A85E}.Release|x86.ActiveCfg = Release|Win32
		{D40D7439-9AC1-4B2D-9A55-131087A6A85E}.Release|x86.Build.0 = Release|Win32
		{81BF2BED-F962-4D23-9DBC-F72B4D17FEBF}.Debug|x64.ActiveCfg = Debug|x64
		{81BF2BED-F962-4D23-9DBC-F72B4D17FEBF}.Debug|x64.Build.0 = Debug|x64
		{81BF2BED-F962-4D23-9DBC-F72B4D17FEBF}.Debug|x86.ActiveCfg = Debug|Win32
		{81BF2BED-F962-4D23-9DBC-F72B4D17FEBF}.Debug|x86.Build.0 = Debug|Win32
		{81BF2BED-F962-4D23-9DBC-F72B4D17FEBF}.Release|x64.ActiveCfg = Release|x64
		{81BF2BED-F962-4D23-9DBC-F72B4D17FEBF}.Release|x64.Build.0 = Release|x64
		{81BF2BED-F962-4D23-9DBC-F72B4D17FEBF}.Release|x86.ActiveCfg = Release|Win32
		{81BF2BED-F962-4D23-9DBC-F72B4D17FEBF}.Release|x86.Build.0 = Release|Win32
		{7F57E490-63A8-4AD8-B8FF-F557DAA04142}.Debug|x64.ActiveCfg = Debug|x64
		{7F57E490-63A8-4AD8-B8FF-F557DAA04142}.Debug|x64.Build.0 = Debug|x64
		{7F57E490-63A8-4AD8-B8FF-F557DAA04142}.Debug|x86.ActiveCfg = Debug|Win32
		{7F57E490-63A8-4AD8-B8FF-F557DAA04142}.Debug|x86.Build.0 = Debug|Win32
		{7F57E490-63A8-4AD8-B8FF-F557DAA04142}.Release|x64.ActiveCfg = Release|x64
		{7F57E490-63A8-4AD8-B8FF-F557DAA04142}.Release|x64.Build.0 = Release|x64
		{7F57E490-63A8-4AD8-B8FF-F557DAA04142}.Release|x86.ActiveCfg = Release|Win32
		{7F57E490-63A8-4AD8-B8FF-F557DAA04142}.Release|x86.Build.0 = Release|Win32
		{C6437715-B353-4D78-ABB6-08C3FECA5A81}.Debug|x64.ActiveCfg = Debug|x64
		{C6437715-B353-4D78-ABB6-08C3FECA5A81}.Debug|x64.Build.0 = Debug|x64
		{C6437715-B353-4D78-ABB6-08C3FECA5A81}.Debug|x86.ActiveCfg = Debug|Win32
		{C6437715-B353-4D78-ABB6-08C3FECA5A81}.Debug|x86.Build.0 = Debug|Win32
		{C6437715-B353-4D78-ABB6-08C3FECA5A81}.Release|x64.ActiveCfg = Release|x64
		{C6437715-B353-4D78-ABB6-08C3FECA5A81}.Release|x64.Build.0 = Release|x64
		{C6437715-B353-4D78-ABB6-08C3FECA5A81}.Release|x86.ActiveCfg = Release|Win32
		{C6437715-B353-4D78-ABB6-08C3FECA5A81}.Release|x86.Build.0 = Release|Win32
		{AED42C0F-2696-4412-ABE1-612C159346DC}.Debug|x64.ActiveCfg = Debug|x64
		{AED42C0F-2696-4412-ABE1-612C159346DC}.Debug|x64.Build.0 = Debug|x64
		{AED42C0F-2696-4412-ABE1-612C159346DC}.Debug|x86.ActiveCfg = Debug|Win32
		{AED42C0F-2696-4412-ABE1-612C159346DC}.Debug|x86.Build.0 = Debug|Win32
		{AED42C0F-2696-4412-ABE1-612C159346DC}.Release|x64.ActiveCfg = Release|x64
		{AED42C0F-2696-4412-ABE1-612C159346DC}.Release|x64.Build.0 = Release|x64
		{AED42C0F-2696-4412-ABE1-612C159346DC}.Release|x86.ActiveCfg = Release|Win32
		{AED42C0F-2696-4412-ABE1-612C159346DC}.Release|x86.Build.0 = Release|Win32
		{2D15DB9F-9254-4498-9C7A-234D76DB9E2C}.Debug|x64.ActiveCfg = Debug|x64
		{2D15DB9F-9254-4498-9C7A-234D76DB9E2C}.Debug|x64.Build.0 = Debug|x64
		{2D15DB9F-9254-4498-9C7A-234D76DB9E2C}.Debug|x86.ActiveCfg = Debug|Win32
		{2D15DB9F-9254-4498-9C7A-234D76DB9E2C}.Debug|x86.Build.0 = Debug|Win32
		{2D15DB9F-9254-4498-9C7A-234D76DB9E2C}.Release|x64.ActiveCfg = Release|x64
		{2D15DB9F-9254-4498-9C7A-234D76DB9E2C}.Release|x64.Build.0 = Release|x64
		{2D15DB9F-9254-4498-9C7A-234D76DB9E2C}.Release|x86.ActiveCfg = Release|Win32
		{2D15DB9F-9254-4498-9C7A-234D76DB9E2C}.Release|x86.Build.0 = Release|Win32
		{A3CE0531-C2AF-4840-B70F-51A8DA5859BA}.Debug|x64.ActiveCfg = Debug|x64
		{A3CE0531-C2AF-4840-B70F-51A8DA5859BA}.Debug|x64.Build.0 = Debug|x64
		{A3CE0531-C2AF-4840-B70F-51A8DA5859BA}.Debug|x86.ActiveCfg = Debug|Win32
		{A3CE0531-C2AF-4840-B70F-51A8DA5859BA}.Debug|x86.Build.0 = Debug|Win32
		{A3CE0531-C2AF-4840-B70F-51A8DA5859BA}.Release|x64.ActiveCfg = Release|x64
		{A3CE0531-C2AF-4840-B70F-51A8DA5859BA}.Release|x64.Build.0 = Release|x64
		{A3CE0531-C2AF-4840-B70F-51A8DA5859BA}.Release|x86.ActiveCfg = Release|Win32
		{A3CE0531-C2AF-4840-B70F-51A8DA5859BA}.Release|x86.Build.0 = Release|Win32
		{D415CE8B-A5F2-4F71-9DCB-F2BD32ADE52A}.Debug|x64.ActiveCfg = Debug|x64
		{D415CE8B-A5F2-4F71-9DCB-F2BD32ADE52A}.Debug|x64.Build.0 = Debug|x64
		{D415CE8B-A5F2-4F71-9DCB-F2BD32ADE52A}.Debug|x86.ActiveCfg = Debug|Win32
		{D415CE8B-A5F2-4F71-9DCB-F2BD32ADE52A}.Debug|x86.Build.0 = Debug|Win32
		{D415CE8B-A5F2-4F71-9DCB-F2BD32ADE52A}.Release|x64.ActiveCfg = Release|x64
		{D415CE8B-A5F2-4F71-9DCB-F2BD32ADE52A}.Release|x64.Build.0 = Release|x64
		{D415CE8B-A5F2-4F71-9DCB-F2BD32ADE52A}.Release|x86.ActiveCfg = Release|Win32
		{D415CE8B-A5F2-4F71-9DCB-F2BD32ADE52A}.Release|x86.Build.0 = Release|Win32
		{1B4D9A49-D5AB-4A7A-8007-FB8420CE3D30}.Debug|x64.ActiveCfg = Debug|x64
		{1B4D9A49-D5AB-4A7A-8007-FB8420CE3D30}.Debug|x64.Build.0 = Debug|x64
		{1B4D9A49-D5AB-4A7A-8007-FB8420CE3D30}.Debug|x86.ActiveCfg = Debug|Win32
		{1B4D9A49-D5AB-4A7A-8007-FB8420CE3D30}.Debug|x86.Build.0 = Debug|Win32
		{1B4D9A49-D5AB-4A7A-8007-FB8420CE3D30}.Release|x64.ActiveCfg = Release|x64
		{1B4D9A49-D5AB-4A7A-8007-FB8420CE3D30}.Release|x64.Build.0 = Release|x64
		{1B4D9A49-D5AB-4A7A-8007-FB8420CE3D30}.Release|x86.ActiveCfg = Release|Win32
		{1B4D9A49-D5AB-4A7A-8007-FB8420CE3D30}.Release|x86.Build.0 = Release|Win32
		{24784B55-6D3A-4490-A659-0EF953BDE421}.Debug|x64.ActiveCfg = Debug|x64
		{24784B55-6D3A-4490-A659-0EF953BDE421}.Debug|x64.Build.0 = Debug|x64
		{24784B55-6D3A-4490-A659-0EF953BDE421}.Debug|x86.ActiveCfg = Debug|Win32
		{24784B55-6D3A-4490-A659-0EF953BDE421}.Debug|x86.Build.0 = Debug|Win32
		{24784B55-6D3A-4490-A659-0EF953BDE421}.Release|x64.ActiveCfg = Release|x64
		{24784B55-6D3A-4490-A659-0EF953BDE421}.Release|x64.Build.0 = Release|x64
		{24784B55-6D3A-4490-A659-0EF953BDE421}.Release|x86.ActiveCfg = Release|Win32
		{24784B55-6D3A-4490-A659-0EF953BDE421}.Release|x86.Build.0 = Release|Win32
		{0B5A3FBB-F452-4CBC-BE0E-853E162D4502}.Debug|x64.ActiveCfg = Debug|x64
		{0B5A3FBB-F452-4CBC-BE0E-853E162D4502}.Debug|x64.Build.0 = Debug|x64
		{0B5A3FBB-F452-4CBC-BE0E-853E162D4502}.Debug|x86.ActiveCfg = Debug|Win32
		{0B5A3FBB-F452-4CBC-BE0E-853E162D4502}.Debug|x86.Build.0 = Debug|Win32
		{0B5A3FBB-F452-4CBC-BE0E-853E162D4502}.Release|x64.ActiveCfg = Release|x64
		{0B5A3FBB-F452-4CBC-BE0E-853E162D4502}.Release|x64.Build.0 = Release|x64
		{0B5A3FBB-F452-4CBC-BE0E-853E162D4502}.Release|x86.ActiveCfg = Release|Win32
		{0B5A3FBB-F452-4CBC-BE0E-853E162D4502}.Release|x86.Build.0 = Release|Win32
		{0656CDBB-80ED-4243-9BF9-63F1984148B4}.Debug|x64.ActiveCfg = Debug|x64
		{0656CDBB-80ED-4243-9BF9-63F1984148B4}.Debug|x64.Build.0 = Debug|x64
		{0656CDBB-80ED-4243-9BF9-63F1984148B4}.Debug|x86.ActiveCfg = Debug|Win32
		{0656CDBB-80ED-4243-9BF9-63F1984148B4}.Debug|x86.Build.0 = Debug|Win32
		{0656CDBB-80ED-4243-9BF9-63F1984148B4}.Release|x64.ActiveCfg = Release|x64
		{0656CDBB-80ED-4243-9BF9-63F1984148B4}.Release|x64.Build.0 = Release|x64
		{0656CDBB-80ED-4243-9BF9-63F1984148B4}.Release|x86.ActiveCfg = Release|Win32
		{0656CDBB-80ED-4243-9BF9-63F1984148B4}.Release|x86.Build.0 = Release|Win32
		{7E28A6FE-66AA-40AC-9B1B-296F77C092DC}.Debug|x64.ActiveCfg = Debug|x64
		{7E28A6FE-66AA-40AC-9B1B-296F77C092DC}.Debug|x64.Build.0 = Debug|x64
		{7E28A6FE-66AA-40AC-9B1B-296F77C092DC}.Debug|x86.ActiveCfg = Debug|Win32
		{7E28A6FE-66AA-40AC-9B1B-296F77C092DC}.Debug|x86.Build.0 = Debug|Win32
		{7E28A6FE-66AA-40AC-9B1B-296F77C092DC}.Release|x64.ActiveCfg = Release|x64
		{7E28A6FE-66AA-40AC-9B1B-296F77C092DC}.Release|x64.Build.0 = Release|x64
		{7E28A6FE-66AA-40AC-9B1B-296F77C092DC}.Release|x86.ActiveCfg = Release|Win32
		{7E28A6FE-66AA-40AC-9B1B-296F77C092DC}.Release|x86.Build.0 = Release|Win32
		{1DE4D7DB-AA30-420C-B82F-70ED726C657F}.Debug|x64.ActiveCfg = Debug|x64
		{1DE4D7DB-AA30-420C-B82F-70ED726C657F}.Debug|x64.Build.0 = Debug|x64
		{1DE4D7DB-AA30-420C-B82F-70ED726C657F}.Debug|x86.ActiveCfg = Debug|Win32
		{1DE4D7DB-AA30-420C-B82F-70ED726C657F}.Debug|x86.Build.0 = Debug|Win32
		{1DE4D7DB-AA30-420C-B82F-70ED726C657F}.Release|x64.ActiveCfg = Release|x64
		{1DE4D7DB-AA30-420C-B82F-70ED726C657F}.Release|x64.Build.0 = Release|x64
		{1DE4D7DB-AA30-420C-B82F-70ED726C657F}.Release|x86.ActiveCfg = Release|Win32
		{1DE4D7DB-AA30-420C-B82F-70ED726C657F}.Release|x86.Build.0 = Release|Win32
		{DAD073E3-CB76-41F1-B582-9A8B8DCF657A}.Debug|x64.ActiveCfg = Debug|x64
		{DAD073E3-CB76-41F1-B582-9A8B8DCF657A}.Debug|x64.Build.0 = Debug|x64
		{DAD073E3-CB76-41F1-B582-9A8B8DCF657A}.Debug|x86.ActiveCfg = Debug|Win32
		{DAD073E3-CB76-41F1-B582-9A8B8DCF657A}.Debug|x86.Build.0 = Debug|Win32
		{DAD073E3-CB76-41F1-B582-9A8B8DCF657A}.Release|x64.ActiveCfg = Release|x64
		{DAD073E3-CB76-41F1-B582-9A8B8DCF657A}.Release|x64.Build.0 = Release|x64
		{DAD073E3-CB76-41F1-B582-9A8B8DCF657A}.Release|x86.ActiveCfg = Release|Win32
		{DAD073E3-CB76-41F1-B582-9A8B8DCF657A}.Release|x86.Build.0 = Release|Win32
		{BB6502DF-2F6F-4C05-88B3-DCFA2FB7ECF9}.Debug|x64.ActiveCfg = Debug|x64
		{BB6502DF-2F6F-4C05-88B3-DCFA2FB7ECF9}.Debug|x64.Build.0 = Debug|x64
		{BB6502DF-2F6F-4C05-88B3-DCFA2FB7ECF9}.Debug|x86.ActiveCfg = Debug|Win32
		{BB6502DF-2F6F-4C05-88B3-DCFA2FB7ECF9}.Debug|x86.Build.0 = Debug|Win32
		{BB6502DF-2F6F-4C05-88B3-DCFA2FB7ECF9}.Release|x64.ActiveCfg = Release|x64
		{BB6502DF-2F6F-4C05-88B3-DCFA2FB7ECF9}.Release|x64.Build.0 = Release|x64
		{BB6502DF-2F6F-4C05-88B3-DCFA2FB7ECF9}.Release|x86.ActiveCfg = Release|Win32
		{BB6502DF-2F6F-4C05-88B3-DCFA2FB7ECF9}.Release|x86.Build.0 = Release|Win32
		{40587428-B27F-4BA6-A5A1-D3B189A46883}.Debug|x64.ActiveCfg = Debug|x64
		{40587428-B27F-4BA6-A5A1-D3B189A46883}.Debug|x64.Build.0 = Debug|x64
		{40587428-B27F-4BA6-A5A1-D3B189A46883}.Debug|x86.ActiveCfg = Debug|Win32
		{40587428-B27F-4BA6-A5A1-D3B189A46883}.Debug|x86.Build.0 = Debug|Win32
		{40587428-B27F-4BA6-A5A1-D3B189A46883}.Release|x64.ActiveCfg = Release|x64
		{40587428-B27F-4BA6-A5A1-D3B189A46883}.Release|x64.Build.0 = Release|x64
		{40587428-B27F-4BA6-A5A1-D3B189A46883}.Release|x86.ActiveCfg = Release|Win32
		{40587428-B27F-4BA6-A5A1-D3B189A46883}.Release|x86.Build.0 = Release|Win32
		{E370257D-EE59-4E4C-8595-1B52504EBB0B}.Debug|x64.ActiveCfg = Debug|x64
		{E370257D-EE59-4E4C-8595-1B52504EBB0B}.Debug|x64.Build.0 = Debug|x64
		{E370257D-EE59-4E4C-8595-1B52504EBB0B}.Debug|x86.ActiveCfg = Debug|Win32
		{E370257D-EE59-4E4C-8595-1B52504EBB0B}.Debug|x86.Build.0 = Debug|Win32
		{E370257D-EE59-4E4C-8595-1B52504EBB0B}.Release|x64.ActiveCfg = Release|x64
		{E370257D-EE59-4E4C-8595-1B52504EBB0B}.Release|x64.Build.0 = Release|x64
		{E370257D-EE59-4E4C-8595-1B52504EBB0B}.Release|x86.ActiveCfg = Release|Win32
		{E370257D-EE59-4E4C-8595-1B52504EBB0B}.Release|x86.Build.0 = Release|Win32
		{430378AA-BEC7-435F-AD21-D9E2B7735A26}.Debug|x64.ActiveCfg = Debug|x64
		{430378AA-BEC7-435F-AD21-D9E2B7735A26}.Debug|x64.Build.0 = Debug|x64
		{430378AA-BEC7-435F-AD21-D9E2B7735A26}.Debug|x86.ActiveCfg = Debug|Win32
		{430378AA-BEC7-435F-AD21-D9E2B7735A26}.Debug|x86.Build.0 = Debug|Win32
		{430378AA-BEC7-435F-AD21-D9E2B7735A26}.Release|x64.ActiveCfg = Release|x64
		{430378AA-BEC7-435F-AD21-D9E2B7735A26}.Release|x64.Build.0 = Release|x64
		{430378AA-BEC7-435F-AD21-D9E2B7735A26}.Release|x86.ActiveCfg = Release|Win32
		{430378AA-BEC7-435F-AD21-D9E2B7735A26}.Release|x86.Build.0 = Release|Win32
		{A1A8B476-9BAE-436A-899A-42BA1A248D17}.Debug|x64.ActiveCfg = Debug|x64
		{A1A8B476-9BAE-436A-899A-42BA1A248D17}.Debug|x64.Build.0 = Debug|x64
		{A1A8B476-9BAE-436A-899A-42BA1A248D17}.Debug|x86.ActiveCfg = Debug|Win32
		{A1A8B476-9BAE-436A-899A-42BA1A248D17}.Debug|x86.Build.0 = Debug|Win32
		{A1A8B476-9BAE-436A-899A-42BA1A248D17}.Release|x64.ActiveCfg = Release|x64
		{A1A8B476-9BAE-436A-899A-42BA1A248D17}.Release|x64.Build.0 = Release|x64
		{A1A8B476-9BAE-436A-899A-42BA1A248D17}.Release|x86.ActiveCfg = Release|Win32
		{A1A8B476-9BAE-436A-899A-42BA1A248D17}.Release|x86.Build.0 = Release|Win32
		{45CDA01F-0FB5-4644-BC2D-ACB5E5576DF2}.Debug|x64.ActiveCfg = Debug|x64
		{45CDA01F-0FB5-4644-BC2D-ACB5E5576DF2}.Debug|x64.Build.0 = Debug|x64
		{45CDA01F-0FB5-4644-BC2D-ACB5E5576DF2}.Debug|x86.ActiveCfg = Debug|Win32
		{45CDA01F-0FB5-4644-BC2D-ACB5E5576DF2}.Debug|x86.Build.0 = Debug|Win32
		{45CDA01F-0FB5-4644-BC2D-ACB5E5576DF2}.Release|x64.ActiveCfg = Release|x64
		{45CDA01F-0FB5-4644-BC2D-ACB5E5576DF2}.Release|x64.Build.0 = Release|x64
		{45CDA01F-0FB5-4644-BC2D-ACB5E5576DF2}.Release|x86.ActiveCfg = Release|Win32
		{45CDA01F-0FB5-4644-BC2D-ACB5E5576DF2}.Release|x86.Build.0 = Release|Win32
		{2ABA7AA8-8A61-4F84-B9BF-D191B6167018}.Debug|x64.ActiveCfg = Debug|x64
		{2ABA7AA8-8A61-4F84-B9BF-D191B6167018}.Debug|x64.Build.0 = Debug|x64
		{2ABA7AA8-8A61-4F84-B9BF-D191B6167018}.Debug|x86.ActiveCfg = Debug|Win32
		{2ABA7AA8-8A61-4F84-B9BF-D191B6167018}.Debug|x86.Build.0 = Debug|Win32
		{2ABA7AA8-8A61-4F84-B9BF-D191B6167018}.Release|x64.ActiveCfg = Release|x64
		{2ABA7AA8-8A61-4F84-B9BF-D191B6167018}.Release|x64.Build.0 = Release|x64
		{2ABA7AA8-8A61-4F84-B9BF-D191B6167018}.Release|x86.ActiveCfg = Release|Win32
		{2ABA7AA8-8A61-4F84-B9BF-D191B6167018}.Release|x86.Build.0 = Release|Win32
		{3DC896E4-C1C0-4D1B-9C1C-DFB7466E092C}.Debug|x64.ActiveCfg = Debug|x64
		{3DC896E4-C1C0-4D1B-9C1C-DFB7466E092C}.Debug|x64.Build.0 = Debug|x64
		{3DC896E4-C1C0-4D1B-9C1C-DFB7466E092C}.Debug|x86.ActiveCfg = Debug|Win32
		{3DC896E4-C1C0-4D1B-9C1C-DFB7466E092C}.Debug|x86.Build.0 = Debug|Win32
		{3DC896E4-C1C0-4D1B-9C1C-DFB7466E092C}.Release|x64.ActiveCfg = Release|x64
		{3DC896E4-C1C0-4D1B-9C1C-DFB7466E092C}.Release|x64.Build.0 = Release|x64
		{3DC896E4-C1C0-4D1B-9C1C-DFB7466E092C}.Release|x86.ActiveCfg = Release|Win32
		{3DC896E4-C1C0-4D1B-9C1C-DFB7466E092C}.Release|x86.Build.0 = Release|Win32
		{6B1EFB0D-E1C7-41F3-9076-08116D9A62AA}.Debug|x64.ActiveCfg = Debug|x64
		{6B1EFB0D-E1C7-41F3-9076-08116D9A62AA}.Debug|x64.Build.0 = Debug|x64
		{6B1EFB0D-E1C7-41F3-9076-08116D9A62AA}.Debug|x86.ActiveCfg = Debug|Win32
		{6B1EFB0D-E1C7-41F3-9076-08116D9A62AA}.Debug|x86.Build.0 = Debug|Win32
		{6B1EFB0D-E1C7-41F3-9076-08116D9A62AA}.Release|x64.ActiveCfg = Release|x64
		{6B1EFB0D-E1C7-41F3-9076-08116D9A62AA}.Release|x64.Build.0 = Release|x64
		{6B1EFB0D-E1C7-41F3-9076-08116D9A62AA}.Release|x86.ActiveCfg = Release|Win32
		{6B1EFB0D-E1C7-41F3-9076-08116D9A62AA}.Release|x86.Build.0 = Release|Win32
		{AEA63DAE-598F-41B7-B568-9393A8845034}.Debug|x64.ActiveCfg = Debug|x64
		{AEA63DAE-598F-41B7-B568-9393A8845034}.Debug|x64.Build.0 = Debug|x64
		{AEA63DAE-598F-41B7-B568-9393A8845034}.Debug|x86.ActiveCfg = Debug|Win32
		{AEA63DAE-598F-41B7-B568-9393A8845034}.Debug|x86.Build.0 = Debug|Win32
		{AEA63DAE-598F-41B7-B568-9393A8845034}.Release|x64.ActiveCfg = Release|x64
		{AEA63DAE-598F-41B7-B568-9393A8845034}.Release|x64.Build.0 = Release|x64
		{AEA63DAE-598F-41B7-B568-9393A8845034}.Release|x86.ActiveCfg = Release|Win32
		{AEA63DAE-598F-41B7-B568-9393A8845034}.Release|x86.Build.0 = Release|Win32
		{E98FB524-A722-4E91-9FB1-82AC207FAD4C}.Debug|x64.ActiveCfg = Debug|x64
		{E98FB524-A722-4E91-9FB1-82AC207FAD4C}.Debug|x64.Build.0 = Debug|x64
		{E98FB524-A722-4E91-9FB1-82AC207FAD4C}.Debug|x86.ActiveCfg = Debug|Win32
		{E98FB524-A722-4E91-9FB1-82AC207FAD4C}.Debug|x86.Build.0 = Debug|Win32
		{E98FB524-A722-4E91-9FB1-82AC207FAD4C}.Release|x64.ActiveCfg = Release|x64
		{E98FB524-A722-4E91-9FB1-82AC207FAD4C}.Release|x64.Build.0 = Release|x64
		{E98FB524-A722-4E91-9FB1-82AC207FAD4C}.Release|x86.ActiveCfg = Release|Win32
		{E98FB524-A722-4E91-9FB1-82AC207FAD4C}.Release|x86.Build.0 = Release|Win32
		{B4A03BE7-146D-4540-87A9-E45C035A3B11}.Debug|x64.ActiveCfg = Debug|x64
		{B4A03BE7-146D-4540-87A9-E45C035A3B11}.Debug|x64.Build.0 = Debug|x64
		{B4A03BE7-146D-4540-87A9-E45C035A3B11}.Debug|x86.ActiveCfg = Debug|Win32
		{B4A03BE7-146D-4540-87A9-E45C035A3B11}.Debug|x86.Build.0 = Debug|Win32
		{B4A03BE7-146D-4540-87A9-E45C035A3B11}.Release|x64.ActiveCfg = Release|x64
		{B4A03BE7-146D-4540-87A9-E45C035A3B11}.Release|x64.Build.0 = Release|x64
		{B4A03BE7-146D-4540-87A9-E45C035A3B11}.Release|x86.ActiveCfg = Release|Win32
		{B4A03BE7-146D-4540-87A9-E45C035A3B11}.Release|x86.Build.0 = Release|Win32
		{9CD80EB8-E7F7-4564-9466-B69AE0A84CEC}.Debug|x64.ActiveCfg = Debug|x64
		{9CD80EB8-E7F7-4564-9466-B69AE0A84CEC}.Debug|x64.Build.0 = Debug|x64
		{9CD80EB8-E7F7-4564-9466-B69AE0A84CEC}.Debug|x86.ActiveCfg = Debug|Win32
		{9CD80EB8-E7F7-4564-9466-B69AE0A84CEC}.Debug|x86.Build.0 = Debug|Win32
		{9CD80EB8-E7F7-4564-9466-B69AE0A84CEC}.Release|x64.ActiveCfg = Release|x64
		{9CD80EB8-E7F7-4564-9466-B69AE0A84CEC}.Release|x64.Build.0 = Release|x64
		{9CD80EB8-E7F7-4564-9466-B69AE0A84CEC}.Release|x86.ActiveCfg = Release|Win32
		{9CD80EB8-E7F7-4564-9466-B69AE0A84CEC}.Release|x86.Build.0 = Release|Win32
		{3BA2B7EA-8B52-410B-A124-83923E9112D8}.Debug|x64.ActiveCfg = Debug|x64
		{3BA2B7EA-8B52-410B-A124-83923E9112D8}.Debug|x64.Build.0 = Debug|x64
		{3BA2B7EA-8B52-410B-A124-83923E9112D8}.Debug|x86.ActiveCfg = Debug|Win32
		{3BA2B7EA-8B52-410B-A124-83923E9112D8}.Debug|x86.Build.0 = Debug|Win32
		{3BA2B7EA-8B52-410B-A124-83923E9112D8}.Release|x64.ActiveCfg = Release|x64
		{3BA2B7EA-8B52-410B-A124-83923E9112D8}.Release|x64.Build.0 = Release|x64
		{3BA2B7EA-8B52-410B-A124-83923E9112D8}.Release|x86.ActiveCfg = Release|Win32
		{3BA2B7EA-8B52-410B-A124-83923E9112D8}.Release|x86.Build.0 = Release|Win32
		{C7DAD822-E807-435A-898F-806FD5F410D4}.Debug|x64.ActiveCfg = Debug|x64
		{C7DAD822-E807-435A-898F-806FD5F410D4}.Debug|x64.Build.0 = Debug|x64
		{C7DAD822-E807-435A-898F-806FD5F410D4}.Debug|x86.ActiveCfg = Debug|Win32
		{C7DAD822-E807-435A-898F-806FD5F410D4}.Debug|x86.Build.0 = Debug|Win32
		{C7DAD822-E807-435A-898F-806FD5F410D4}.Release|x64.ActiveCfg = Release|x64
		{C7DAD822-E807-435A-898F-806FD5F410D4}.Release|x64.Build.0 = Release|x64
		{C7DAD822-E807-435A-898F-806FD5F410D4}.Release|x86.ActiveCfg = Release|Win32
		{C7DAD822-E807-435A-898F-806FD5F410D4}.Release|x86.Build.0 = Release|Win32
		{E3A96EE5-4350-42AF-9214-7634D2831481}.Debug|x64.ActiveCfg = Debug|x64
		{E3A96EE5-4350-42AF-9214-7634D2831481}.Debug|x64.Build.0 = Debug|x64
		{E3A96EE5-4350-42AF-9214-7634D2831481}.Debug|x86.ActiveCfg = Debug|Win32
		{E3A96EE5-4350-42AF-9214-7634D2831481}.Debug|x86.Build.0 = Debug|Win32
		{E3A96EE5-4350-42AF-9214-7634D2831481}.Release|x64.ActiveCfg = Release|x64
		{E3A96EE5-4350-42AF-9214-7634D2831481}.Release|x64.Build.0 = Release|x64
		{E3A96EE5-4350-42AF-9214-7634D2831481}.Release|x86.ActiveCfg = Release|Win32
		{E3A96EE5-4350-42AF-9214-7634D2831481}.Release|x86.Build.0 = Release|Win32
		{A84B9CA7-F416-43EA-A4DE-6D94058EAB07}.Debug|x64.ActiveCfg = Debug|x64
		{A84B9CA7-F416-43EA-A4DE-6D94058EAB07}.Debug|x64.Build.0 = Debug|x64
		{A84B9CA7-F416-43EA-A4DE-6D94058EAB07}.Debug|x86.ActiveCfg = Debug|Win32
		{A84B9CA7-F416-43EA-A4DE-6D94058EAB07}.Debug|x86.Build.0 = Debug|Win32
		{A84B9CA7-F416-43EA-A4DE-6D94058EAB07}.Release|x64.ActiveCfg = Release|x64
		{A84B9CA7-F416-43EA-A4DE-6D94058EAB07}.Release|x64.Build.0 = Release|x64
		{A84B9CA7-F416-43EA-A4DE-6D94058EAB07}.Release|x86.ActiveCfg = Release|Win32
		{A84B9CA7-F416-43EA-A4DE-6D94058EAB07}.Release|x86.Build.0 = Release|Win32
		{4D3D778C-3A24-4916-A7A0-43F406BEC877}.Debug|x64.ActiveCfg = Debug|x64
		{4D3D778C-3A24-4916-A7A0-43F406BEC877}.Debug|x64.Build.0 = Debug|x64
		{4D3D778C-3A24-4916-A7A0-43F406BEC877}.Debug|x86.ActiveCfg = Debug|Win32
		{4D3D778C-3A24-4916-A7A0-43F406BEC877}.Debug|x86.Build.0 = Debug|Win32
		{4D3D778C-3A24-4916-A7A0-43F406BEC877}.Release|x64.ActiveCfg = Release|x64
		{4D3D778C-3A24-4916-A7A0-43F406BEC877}.Release|x64.Build.0 = Release|x64
		{4D3D778C-3A24-4916-A7A0-43F406BEC877}.Release|x86.ActiveCfg = Release|Win32
		{4D3D778C-3A24-4916-A7A0-43F406BEC877}.Release|x86.Build.0 = Release|Win32
		{B9C64C35-57B1-4A98-A30F-ABB7B8A3BEFA}.Debug|x64.ActiveCfg = Debug|x64
		{B9C64C35-57B1-4A98-A30F-ABB7B8A3BEFA}.Debug|x64.Build.0 = Debug|x64
		{B9C64C35-57B1-4A98-A30F-ABB7B8A3BEFA}.Debug|x86.ActiveCfg = Debug|Win32
		{B9C64C35-57B1-4A98-A30F-ABB7B8A3BEFA}.Debug|x86.Build.0 = Debug|Win32
		{B9C64C35-57B1-4A98-A30F-ABB7B8A3BEFA}.Release|x64.ActiveCfg = Release|x64
		{B9C64C35-57B1-4A98-A30F-ABB7B8A3BEFA}.Release|x64.Build.0 = Release|x64
		{B9C64C35-57B1-4A98-A30F-ABB7B8A3BEFA}.Release|x86.ActiveCfg = Release|Win32
		{B9C64C35-57B1-4A98-A30F-ABB7B8A3BEFA}.Release|x86.Build.0 = Release|Win32
		{61D859BE-7317-4641-A75D-DE7B1CB98E3C}.Debug|x64.ActiveCfg = Debug|x64
		{61D859BE-7317-4641-A75D-DE7B1CB98E3C}.Debug|x64.Build.0 = Debug|x64
		{61D859BE-7317-4641-A75D-DE7B1CB98E3C}.Debug|x86.ActiveCfg = Debug|Win32
		{61D859BE-7317-4641-A75D-DE7B1CB98E3C}.Debug|x86.Build.0 = Debug|Win32
		{61D859BE-7317-4641-A75D-DE7B1CB98E3C}.Release|x64.ActiveCfg = Release|x64
		{61D859BE-7317-4641-A75D-DE7B1CB98E3C}.Release|x64.Build.0 = Release|x64
		{61D859BE-7317-4641-A75D-DE7B1CB98E3C}.Release|x86.ActiveCfg = Release|Win32
		{61D859BE-7317-4641-A75D-DE7B1CB98E3C}.Release|x86.Build.0 = Release|Win32
		{35B1B277-EA8F-49D2-AEA6-ECFB0E34013C}.Debug|x64.ActiveCfg = Debug|x64
		{35B1B277-EA8F-49D2-AEA6-ECFB0E34013C}.Debug|x64.Build.0 = Debug|x64
		{35B1B277-EA8F-49D2-AEA6-ECFB0E34013C}.Debug|x86.ActiveCfg = Debug|Win32
		{35B1B277-EA8F-49D2-AEA6-ECFB0E34013C}.Debug|x86.Build.0 = Debug|Win32
		{35B1B277-EA8F-49D2-AEA6-ECFB0E34013C}.Release|x64.ActiveCfg = Release|x64
		{35B1B277-EA8F-49D2-AEA6-ECFB0E34013C}.Release|x64.Build.0 = Release|x64
		{35B1B277-EA8F-49D2-AEA6-ECFB0E34013C}.Release|x86.ActiveCfg = Release|Win32
		{35B1B277-EA8F-49D2-AEA6-ECFB0E34013C}.Release|x86.Build.0 = Release|Win32
		{101F14E6-E2BC-47A4-8874-3B2E7AB5DE96}.Debug|x64.ActiveCfg = Debug|x64
		{101F14E6-E2BC-47A4-8874-3B2E7AB5DE96}.Debug|x64.Build.0 = Debug|x64
		{101F14E6-E2BC-47A4-8874-3B2E7AB5DE96}.Debug|x86.ActiveCfg = Debug|Win32
		{101F14E6-E2BC-47A4-8874-3B2E7AB5DE96}.Debug|x86.Build.0 = Debug|Win32
		{101F14E6-E2BC-47A4-8874-3B2E7AB5DE96}.Release|x64.ActiveCfg = Release|x64
		{101F14E6-E2BC-47A4-8874-3B2E7AB5DE96}.Release|x64.Build.0 = Release|x64
		{101F14E6-E2BC-47A4-8874-3B2E7AB5DE96}.Release|x86.ActiveCfg = Release|Win32
		{101F14E6-E2BC-47A4-8874-3B2E7AB5DE96}.Release|x86.Build.0 = Release|Win32
		{71DFB096-B8DA-4D93-8A5F-80CA7108A4F9}.Debug|x64.ActiveCfg = Debug|x64
		{71DFB096-B8DA-4D93-8A5F-80CA7108A4F9}.Debug|x64.Build.0 = Debug|x64
		{71DFB096-B8DA-4D93-8A5F-80CA7108A4F9}.Debug|x86.ActiveCfg = Debug|Win32
		{71DFB096-B8DA-4D93-8A5F-80CA7108A4F9}.Debug|x86.Build.0 = Debug|Win32
		{71DFB096-B8DA-4D93-8A5F-80CA7108A4F9}.Release|x64.ActiveCfg = Release|x64
		{71DFB096-B8DA-4D93-8A5F-80CA7108A4F9}.Release|x64.Build.0 = Release|x64
		{71DFB096-B8DA-4D93-8A5F-80CA7108A4F9}.Release|x86.ActiveCfg = Release|Win32
		{71DFB096-B8DA-4D93-8A5F-80CA7108A4F9}.Release|x86.Build.0 = Release|Win32
		{050D2DF4-FC40-41FB-A688-8DC8CABDAFED}.Debug|x64.ActiveCfg = Debug|x64
		{050D2DF4-FC40-41FB-A688-8DC8CABDAFED}.Debug|x64.Build.0 = Debug|x64
		{050D2DF4-FC40-41FB-A688-8DC8CABDAFED}.Debug|x86.ActiveCfg = Debug|Win32
		{050D2DF4-FC40-41FB-A688-8DC8CABDAFED}.Debug|x86.Build.0 = Debug|Win32
		{050D2DF4-FC40-41FB-A688-8DC8CABDAFED}.Release|x64.ActiveCfg = Release|x64
		{050D2DF4-FC40-41FB-A688-8DC8CABDAFED}.Release|x64.Build.0 = Release|x64
		{050D2DF4-FC40-41FB-A688-8DC8CABDAFED}.Release|x86.ActiveCfg = Release|Win32
		{050D2DF4-FC40-41FB-A688-8DC8CABDAFED}.Release|x86.Build.0 = Release|Win32
		{363084A3-7ED3-4102-ACBF-EF885D0C197A}.Debug|x64.ActiveCfg = Debug|x64
		{363084A3-7ED3-4102-ACBF-EF885D0C197A}.Debug|x64.Build.0 = Debug|x64
		{363084A3-7ED3-4102-ACBF-EF885D0C197A}.Debug|x86.ActiveCfg = Debug|Win32
		{363084A3-7ED3-4102-ACBF-EF885D0C197A}.Debug|x86.Build.0 = Debug|Win32
		{363084A3-7ED3-4102-ACBF-EF885D0C197A}.Release|x64.ActiveCfg = Release|x64
		{363084A3-7ED3-4102-ACBF-EF885D0C197A}.Release|x64.Build.0 = Release|x64
		{363084A3-7ED3-4102-ACBF-EF885D0C197A}.Release|x86.ActiveCfg = Release|Win32
		{363084A3-7ED3-4102-ACBF-EF885D0C197A}.Release|x86.Build.0 = Release|Win32
		{B5150CA2-7AE6-4882-AB9F-FCFC81415BBB}.Debug|x64.ActiveCfg = Debug|x64
		{B5150CA2-7AE6-4882-AB9F-FCFC81415BBB}.Debug|x64.Build.0 = Debug|x64
		{B5150CA2-7AE6-4882-AB9F-FCFC81415BBB}.Debug|x86.ActiveCfg = Debug|Win32
		{B5150CA2-7AE6-4882-AB9F-FCFC81415BBB}.Debug|x86.Build.0 = Debug|Win32
		{B5150CA2-7AE6-4882-AB9F-FCFC81415BBB}.Release|x64.ActiveCfg = Release|x64
		{B5150CA2-7AE6-4882-AB9F-FCFC81415BBB}.Release|x64.Build.0 = Release|x64
		{B5150CA2-7AE6-4882-AB9F-FCFC81415BBB}.Release|x86.ActiveCfg = Release|Win32
		{B5150CA2-7AE6-4882-AB9F-FCFC81415BBB}.Release|x86.Build.0 = Release|Win32
		{36F5B4EF-5CAE-48A1-9020-0BD1D25F66B1}.Debug|x64.ActiveCfg = Debug|x64
		{36F5B4EF-5CAE-48A1-9020-0BD1D25F66B1}.Debug|x64.Build.0 = Debug|x64
		{36F5B4EF-5CAE-48A1-9020-0BD1D25F66B1}.Debug|x86.ActiveCfg = Debug|Win32
		{36F5B4EF-5CAE-48A1-9020-0BD1D25F66B1}.Debug|x86.Build.0 = Debug|Win32
		{36F5B4EF-5CAE-48A1-9020-0BD1D25F66B1}.Release|x64.ActiveCfg = Release|x64
		{36F5B4EF-5CAE-48A1-9020-0BD1D25F66B1}.Release|x64.Build.0 = Release|x64
		{36F5B4EF-5CAE-48A1-9020-0BD1D25F66B1}.Release|x86.ActiveCfg = Release|Win32
		{36F5B4EF-5CAE-48A1-9020-0BD1D25F66B1}.Release|x86.Build.0 = Release|Win32
		{561C8044-B3D5-4CFE-9DBF-A4D906AF5508}.Debug|x64.ActiveCfg = Debug|x64
		{561C8044-B3D5-4CFE-9DBF-A4D906AF5508}.Debug|x64.Build.0 = Debug|x64
		{561C8044-B3D5-4CFE-9DBF-A4D906AF5508}.Debug|x86.ActiveCfg = Debug|Win32
		{561C8044-B3D5-4CFE-9DBF-A4D906AF5508}.Debug|x86.Build.0 = Debug|Win32
		{561C8044-B3D5-4CFE-9DBF-A4D906AF5508}.Release|x64.ActiveCfg = Release|x64
		{561C8044-B3D5-4CFE-9DBF-A4D906AF5508}.Release|x64.Build.0 = Release|x64
		{561C8044-B3D5-4CFE-9DBF-A4D906AF5508}.Release|x86.ActiveCfg = Release|Win32
		{561C8044-B3D5-4CFE-9DBF-A4D906AF5508}.Release|x86.Build.0 = Release|Win32
		{BA4FD9F6-FE71-4369-BAFD-133AA4DCF90B}.Debug|x64.ActiveCfg = Debug|x64
		{BA4FD9F6-FE71-4369-BAFD-133AA4DCF90B}.Debug|x64.Build.0 = Debug|x64
		{BA4FD9F6-FE71-4369-BAFD-133AA4DCF90B}.Debug|x86.ActiveCfg = Debug|Win32
		{BA4FD9F6-FE71-4369-BAFD-133AA4DCF90B}.Debug|x86.Build.0 = Debug|Win32
		{BA4FD9F6-FE71-4369-BAFD-133AA4DCF90B}.Release|x64.ActiveCfg = Release|x64
		{BA4FD9F6-FE71-4369-BAFD-133AA4DCF90B}.Release|x64.Build.0 = Release|x64
		{BA4FD9F6-FE71-4369-BAFD-133AA4DCF90B}.Release|x86.ActiveCfg = Release|Win32
		{BA4FD9F6-FE71-4369-BAFD-133AA4DCF90B}.Release|x86.Build.0 = Release|Win32
		{EC514D4B-C627-4DEA-915C-23C5EA69B566}.Debug|x64.ActiveCfg = Debug|x64
		{EC514D4B-C627-4DEA-915C-23C5EA69B566}.Debug|x64.Build.0 = Debug|x64
		{EC514D4B-C627-4DEA-915C-23C5EA69B566}.Debug|x86.ActiveCfg = Debug|Win32
		{EC514D4B-C627-4DEA-915C-23C5EA69B566}.Debug|x86.Build.0 = Debug|Win32
		{EC514D4B-C627-4DEA-915C-23C5EA69B566}.Release|x64.ActiveCfg = Release|x64
		{EC514D4B-C627-4DEA-915C-23C5EA69B566}.Release|x64.Build.0 = Release|x64
		{EC514D4B-C627-4DEA-915C-23C5EA69B566}.Release|x86.ActiveCfg = Release|Win32
		{EC514D4B-C627-4DEA-915C-23C5EA69B566}.Release|x86.Build.0 = Release|Win32
		{EAB9E5B1-F47F-450D-A6A9-8759555B4D21}.Debug|x64.ActiveCfg = Debug|x64
		{EAB9E5B1-F47F-450D-A6A9-8759555B4D21}.Debug|x64.Build.0 = Debug|x64
		{EAB9E5B1-F47F-450D-A6A9-8759555B4D21}.Debug|x86.ActiveCfg = Debug|Win32
		{EAB9E5B1-F47F-450D-A6A9-8759555B4D21}.Debug|x86.Build.0 = Debug|Win32
		{EAB9E5B1-F47F-450D-A6A9-8759555B4D21}.Release|x64.ActiveCfg = Release|x64
		{EAB9E5B1-F47F-450D-A6A9-8759555B4D21}.Release|x64.Build.0 = Release|x64
		{EAB9E5B1-F47F-450D-A6A9-8759555B4D21}.Release|x86.ActiveCfg = Release|Win32
		{EAB9E5B1-F47F-450D-A6A9-8759555B4D21}.Release|x86.Build.0 = Release|Win32
	EndGlobalSection
	GlobalSection(SolutionProperties) = preSolution
		HideSolutionNode = FALSE
	EndGlobalSection
	GlobalSection(NestedProjects) = preSolution
		{02CACF83-6A19-48EF-AB95-FB11D1CF43D2} = {03890477-A734-4C8F-84E3-FB0438B69022}
		{459202AA-69C9-4723-90DC-3D1B439395F5} = {7DE500D2-8691-45C8-9615-FE3BCE4E942E}
		{84D0C15E-870A-43DE-86F9-5F4558399A3E} = {459202AA-69C9-4723-90DC-3D1B439395F5}
		{6C8D5292-A593-4C6C-8D0C-0250681FAD31} = {459202AA-69C9-4723-90DC-3D1B439395F5}
		{ACE4A52B-5499-49FA-B994-731406A5769F} = {459202AA-69C9-4723-90DC-3D1B439395F5}
		{174131BC-BA80-496B-9FB1-1F05A680F0CD} = {02CACF83-6A19-48EF-AB95-FB11D1CF43D2}
		{ADE10B59-A524-429D-ACD8-CEC92883ED44} = {02CACF83-6A19-48EF-AB95-FB11D1CF43D2}
		{D1CC975E-C68C-48D8-9EC9-A7BB2FA5247E} = {02CACF83-6A19-48EF-AB95-FB11D1CF43D2}
		{334C9196-B8B8-4A6B-AA65-121D7724ACD2} = {02CACF83-6A19-48EF-AB95-FB11D1CF43D2}
		{937DEC4C-096A-407B-9082-5CEBCEB16251} = {02CACF83-6A19-48EF-AB95-FB11D1CF43D2}
		{0F3C96CF-7821-4244-A436-0A5008E8AF9D} = {84D0C15E-870A-43DE-86F9-5F4558399A3E}
		{99C2C238-07D3-48B4-A196-FAA2D76011C6} = {84D0C15E-870A-43DE-86F9-5F4558399A3E}
		{284DE873-9EEF-499E-A52B-659A906DC678} = {84D0C15E-870A-43DE-86F9-5F4558399A3E}
		{CA3C0F55-EF6B-485E-B96F-E2A8D8E3EEB1} = {84D0C15E-870A-43DE-86F9-5F4558399A3E}
		{0F3BAFE5-1235-47B4-85C6-3B12A3CA6BAA} = {84D0C15E-870A-43DE-86F9-5F4558399A3E}
		{DAEF5A62-79C4-426B-AB92-AB34310281DA} = {84D0C15E-870A-43DE-86F9-5F4558399A3E}
		{A9347220-437C-44CE-8169-88ABF08E1B21} = {84D0C15E-870A-43DE-86F9-5F4558399A3E}
		{64D1853C-1854-46DE-BF23-CFBBB5F8E936} = {84D0C15E-870A-43DE-86F9-5F4558399A3E}
		{EDF02C37-1DE1-4301-B35A-F00865690CF9} = {84D0C15E-870A-43DE-86F9-5F4558399A3E}
		{4A2EB00D-8EE9-43B0-93B4-2639E5E6783A} = {6C8D5292-A593-4C6C-8D0C-0250681FAD31}
		{A1ABF3CD-ABEE-4265-AEF6-B3E0E9668396} = {6C8D5292-A593-4C6C-8D0C-0250681FAD31}
		{B61CF5F4-9CAF-4657-8976-A6DC959BBA9E} = {6C8D5292-A593-4C6C-8D0C-0250681FAD31}
		{24F1F3C5-D41D-4379-8895-AD0B95A00094} = {6C8D5292-A593-4C6C-8D0C-0250681FAD31}
		{4DC9E027-25E6-459C-B45C-FEF996014D4D} = {6C8D5292-A593-4C6C-8D0C-0250681FAD31}
		{70C30224-1D23-4368-A426-B497E7EC7D57} = {6C8D5292-A593-4C6C-8D0C-0250681FAD31}
		{255E005E-3A0F-48CA-8942-09F529201AF6} = {6C8D5292-A593-4C6C-8D0C-0250681FAD31}
		{DF29E89B-DB90-4213-8689-3855DF3C1F3E} = {ACE4A52B-5499-49FA-B994-731406A5769F}
		{8647BBD2-E6CA-4C78-9311-F8404D8F5686} = {ACE4A52B-5499-49FA-B994-731406A5769F}
		{D40D7439-9AC1-4B2D-9A55-131087A6A85E} = {ACE4A52B-5499-49FA-B994-731406A5769F}
		{81BF2BED-F962-4D23-9DBC-F72B4D17FEBF} = {ACE4A52B-5499-49FA-B994-731406A5769F}
		{F96C80DD-5B85-4C4F-B818-15824E47B6A6} = {7DE500D2-8691-45C8-9615-FE3BCE4E942E}
		{76F87A10-7EFE-4D8F-8E29-61C16E1C2D65} = {03890477-A734-4C8F-84E3-FB0438B69022}
		{7F57E490-63A8-4AD8-B8FF-F557DAA04142} = {76F87A10-7EFE-4D8F-8E29-61C16E1C2D65}
		{C6437715-B353-4D78-ABB6-08C3FECA5A81} = {76F87A10-7EFE-4D8F-8E29-61C16E1C2D65}
		{AED42C0F-2696-4412-ABE1-612C159346DC} = {76F87A10-7EFE-4D8F-8E29-61C16E1C2D65}
		{2D15DB9F-9254-4498-9C7A-234D76DB9E2C} = {76F87A10-7EFE-4D8F-8E29-61C16E1C2D65}
		{5399CFE4-C6B4-4132-9C8A-B4D418301B65} = {F96C80DD-5B85-4C4F-B818-15824E47B6A6}
		{831E9CCB-5E53-4C05-AD97-98DAC2C32F0F} = {F96C80DD-5B85-4C4F-B818-15824E47B6A6}
		{35EED5CF-3406-480B-8BF8-1A86DCEBF05D} = {F96C80DD-5B85-4C4F-B818-15824E47B6A6}
		{BFBAE0E9-88A5-4093-A284-C8E5D672888D} = {F96C80DD-5B85-4C4F-B818-15824E47B6A6}
		{A3CE0531-C2AF-4840-B70F-51A8DA5859BA} = {5399CFE4-C6B4-4132-9C8A-B4D418301B65}
		{D415CE8B-A5F2-4F71-9DCB-F2BD32ADE52A} = {5399CFE4-C6B4-4132-9C8A-B4D418301B65}
		{1B4D9A49-D5AB-4A7A-8007-FB8420CE3D30} = {831E9CCB-5E53-4C05-AD97-98DAC2C32F0F}
		{24784B55-6D3A-4490-A659-0EF953BDE421} = {831E9CCB-5E53-4C05-AD97-98DAC2C32F0F}
		{0B5A3FBB-F452-4CBC-BE0E-853E162D4502} = {831E9CCB-5E53-4C05-AD97-98DAC2C32F0F}
		{0656CDBB-80ED-4243-9BF9-63F1984148B4} = {831E9CCB-5E53-4C05-AD97-98DAC2C32F0F}
		{7E28A6FE-66AA-40AC-9B1B-296F77C092DC} = {35EED5CF-3406-480B-8BF8-1A86DCEBF05D}
		{1DE4D7DB-AA30-420C-B82F-70ED726C657F} = {BFBAE0E9-88A5-4093-A284-C8E5D672888D}
		{DAD073E3-CB76-41F1-B582-9A8B8DCF657A} = {BFBAE0E9-88A5-4093-A284-C8E5D672888D}
		{56A657BA-2F53-4E69-B46C-78EE90AE1F7B} = {03890477-A734-4C8F-84E3-FB0438B69022}
		{BB6502DF-2F6F-4C05-88B3-DCFA2FB7ECF9} = {56A657BA-2F53-4E69-B46C-78EE90AE1F7B}
		{08A0DB9E-8F8D-422F-AB1A-62CFFA3A2D32} = {7DE500D2-8691-45C8-9615-FE3BCE4E942E}
		{0DFAEC89-90FE-4F5B-8807-708B9640C119} = {08A0DB9E-8F8D-422F-AB1A-62CFFA3A2D32}
		{684EACCD-C24F-42B8-AE4E-BEEA6DA3B265} = {08A0DB9E-8F8D-422F-AB1A-62CFFA3A2D32}
		{40587428-B27F-4BA6-A5A1-D3B189A46883} = {0DFAEC89-90FE-4F5B-8807-708B9640C119}
		{E370257D-EE59-4E4C-8595-1B52504EBB0B} = {0DFAEC89-90FE-4F5B-8807-708B9640C119}
		{430378AA-BEC7-435F-AD21-D9E2B7735A26} = {684EACCD-C24F-42B8-AE4E-BEEA6DA3B265}
		{A1A8B476-9BAE-436A-899A-42BA1A248D17} = {684EACCD-C24F-42B8-AE4E-BEEA6DA3B265}
		{45CDA01F-0FB5-4644-BC2D-ACB5E5576DF2} = {684EACCD-C24F-42B8-AE4E-BEEA6DA3B265}
		{2ABA7AA8-8A61-4F84-B9BF-D191B6167018} = {684EACCD-C24F-42B8-AE4E-BEEA6DA3B265}
		{3DC896E4-C1C0-4D1B-9C1C-DFB7466E092C} = {684EACCD-C24F-42B8-AE4E-BEEA6DA3B265}
		{6B1EFB0D-E1C7-41F3-9076-08116D9A62AA} = {684EACCD-C24F-42B8-AE4E-BEEA6DA3B265}
		{AEA63DAE-598F-41B7-B568-9393A8845034} = {684EACCD-C24F-42B8-AE4E-BEEA6DA3B265}
		{DFC54D30-CB2C-4B02-8FFA-60E26BB84146} = {03890477-A734-4C8F-84E3-FB0438B69022}
		{78BE1A1A-9D5F-4EEA-9D40-B8FD98DA9315} = {7DE500D2-8691-45C8-9615-FE3BCE4E942E}
		{E98FB524-A722-4E91-9FB1-82AC207FAD4C} = {DFC54D30-CB2C-4B02-8FFA-60E26BB84146}
		{B4A03BE7-146D-4540-87A9-E45C035A3B11} = {DFC54D30-CB2C-4B02-8FFA-60E26BB84146}
		{9CD80EB8-E7F7-4564-9466-B69AE0A84CEC} = {DFC54D30-CB2C-4B02-8FFA-60E26BB84146}
		{FA52C431-0CE8-4B5F-B5F8-FC83B242303A} = {78BE1A1A-9D5F-4EEA-9D40-B8FD98DA9315}
		{3D78734B-22DF-4F05-AA06-559ECC8244B9} = {78BE1A1A-9D5F-4EEA-9D40-B8FD98DA9315}
		{FD36C145-E4EB-41FB-AA75-7BD03DAB938E} = {78BE1A1A-9D5F-4EEA-9D40-B8FD98DA9315}
		{3BA2B7EA-8B52-410B-A124-83923E9112D8} = {FD36C145-E4EB-41FB-AA75-7BD03DAB938E}
		{C7DAD822-E807-435A-898F-806FD5F410D4} = {FA52C431-0CE8-4B5F-B5F8-FC83B242303A}
		{E3A96EE5-4350-42AF-9214-7634D2831481} = {FA52C431-0CE8-4B5F-B5F8-FC83B242303A}
		{A84B9CA7-F416-43EA-A4DE-6D94058EAB07} = {FA52C431-0CE8-4B5F-B5F8-FC83B242303A}
		{4D3D778C-3A24-4916-A7A0-43F406BEC877} = {FA52C431-0CE8-4B5F-B5F8-FC83B242303A}
		{B9C64C35-57B1-4A98-A30F-ABB7B8A3BEFA} = {3D78734B-22DF-4F05-AA06-559ECC8244B9}
		{61D859BE-7317-4641-A75D-DE7B1CB98E3C} = {3D78734B-22DF-4F05-AA06-559ECC8244B9}
		{35B1B277-EA8F-49D2-AEA6-ECFB0E34013C} = {3D78734B-22DF-4F05-AA06-559ECC8244B9}
		{74F5A370-1EA1-4DB4-AC33-4C4275F87513} = {7DE500D2-8691-45C8-9615-FE3BCE4E942E}
		{A567B35A-2ECC-4580-A755-E464DC0E842B} = {03890477-A734-4C8F-84E3-FB0438B69022}
		{101F14E6-E2BC-47A4-8874-3B2E7AB5DE96} = {A567B35A-2ECC-4580-A755-E464DC0E842B}
		{79B07737-89E2-4F0A-BB64-DB8A70B9F68B} = {74F5A370-1EA1-4DB4-AC33-4C4275F87513}
		{44CE7426-3D70-470A-9471-C1E6201792FD} = {74F5A370-1EA1-4DB4-AC33-4C4275F87513}
		{A072265A-47EA-4E59-99BC-3A1E16AEE8FE} = {74F5A370-1EA1-4DB4-AC33-4C4275F87513}
		{71DFB096-B8DA-4D93-8A5F-80CA7108A4F9} = {79B07737-89E2-4F0A-BB64-DB8A70B9F68B}
		{050D2DF4-FC40-41FB-A688-8DC8CABDAFED} = {79B07737-89E2-4F0A-BB64-DB8A70B9F68B}
		{363084A3-7ED3-4102-ACBF-EF885D0C197A} = {44CE7426-3D70-470A-9471-C1E6201792FD}
		{B5150CA2-7AE6-4882-AB9F-FCFC81415BBB} = {44CE7426-3D70-470A-9471-C1E6201792FD}
		{36F5B4EF-5CAE-48A1-9020-0BD1D25F66B1} = {44CE7426-3D70-470A-9471-C1E6201792FD}
		{561C8044-B3D5-4CFE-9DBF-A4D906AF5508} = {44CE7426-3D70-470A-9471-C1E6201792FD}
		{BA4FD9F6-FE71-4369-BAFD-133AA4DCF90B} = {44CE7426-3D70-470A-9471-C1E6201792FD}
		{EC514D4B-C627-4DEA-915C-23C5EA69B566} = {A072265A-47EA-4E59-99BC-3A1E16AEE8FE}
		{EAB9E5B1-F47F-450D-A6A9-8759555B4D21} = {A072265A-47EA-4E59-99BC-3A1E16AEE8FE}
	EndGlobalSection
	GlobalSection(ExtensibilityGlobals) = postSolution
		SolutionGuid = {668BB3C2-EB68-43AB-842A-AEEBBAB13AAB}
	EndGlobalSection
EndGlobal
