
Microsoft Visual Studio Solution File, Format Version 12.00
# Visual Studio Version 17
VisualStudioVersion = 17.6.33801.468
MinimumVisualStudioVersion = 10.0.40219.1
Project("{2150E333-8FDC-42A3-9474-1A3956D46DE8}") = "Lectures", "Lectures", "{03890477-A734-4C8F-84E3-FB0438B69022}"
EndProject
Project("{2150E333-8FDC-42A3-9474-1A3956D46DE8}") = "Homework", "Homework", "{7DE500D2-8691-45C8-9615-FE3BCE4E942E}"
EndProject
Project("{2150E333-8FDC-42A3-9474-1A3956D46DE8}") = "Level 1", "Level 1", "{02CACF83-6A19-48EF-AB95-FB11D1CF43D2}"
EndProject
Project("{2150E333-8FDC-42A3-9474-1A3956D46DE8}") = "Level 1", "Level 1", "{459202AA-69C9-4723-90DC-3D1B439395F5}"
EndProject
Project("{2150E333-8FDC-42A3-9474-1A3956D46DE8}") = "1.3", "1.3", "{84D0C15E-870A-43DE-86F9-5F4558399A3E}"
EndProject
Project("{2150E333-8FDC-42A3-9474-1A3956D46DE8}") = "1.4", "1.4", "{6C8D5292-A593-4C6C-8D0C-0250681FAD31}"
EndProject
Project("{2150E333-8FDC-42A3-9474-1A3956D46DE8}") = "1.5", "1.5", "{ACE4A52B-5499-49FA-B994-731406A5769F}"
EndProject
Project("{8BC9CEB8-8B4A-11D0-8D11-00A0C91BC942}") = "1.1 - C Environment", "1.1 - C Environment\1.1 - C Environment.vcxproj", "{174131BC-BA80-496B-9FB1-1F05A680F0CD}"
EndProject
Project("{8BC9CEB8-8B4A-11D0-8D11-00A0C91BC942}") = "1.2 - C Data Types", "1.2 - C Data Types\1.2 - C Data Types.vcxproj", "{ADE10B59-A524-429D-ACD8-CEC92883ED44}"
EndProject
Project("{8BC9CEB8-8B4A-11D0-8D11-00A0C91BC942}") = "1.3 - C Variables", "1.3 - C Variables\1.3 - C Variables.vcxproj", "{D1CC975E-C68C-48D8-9EC9-A7BB2FA5247E}"
EndProject
Project("{8BC9CEB8-8B4A-11D0-8D11-00A0C91BC942}") = "1.4 - Decisions and Loops", "1.4 - Decisions and Loops\1.4 - Decisions and Loops.vcxproj", "{334C9196-B8B8-4A6B-AA65-121D7724ACD2}"
EndProject
Project("{8BC9CEB8-8B4A-11D0-8D11-00A0C91BC942}") = "1.5 - Functions and Storage Options", "1.5 - Functions and Storage Options\1.5 - Functions and Storage Options.vcxproj", "{937DEC4C-096A-407B-9082-5CEBCEB16251}"
EndProject
Project("{2150E333-8FDC-42A3-9474-1A3956D46DE8}") = "1.3.1", "1.3.1", "{6EB0C932-A2BE-4A0F-9C0F-3FA91B182525}"
EndProject
Project("{2150E333-8FDC-42A3-9474-1A3956D46DE8}") = "1.3.2", "1.3.2", "{2725E466-8C9B-46C4-A7D6-778E0C9AABE5}"
EndProject
Project("{2150E333-8FDC-42A3-9474-1A3956D46DE8}") = "1.3.3", "1.3.3", "{FE6F255D-1AA9-40EC-96CF-3D058E95F81B}"
EndProject
Project("{2150E333-8FDC-42A3-9474-1A3956D46DE8}") = "1.3.4", "1.3.4", "{7DB96C46-2A30-4257-87A8-57289585DCCA}"
EndProject
Project("{2150E333-8FDC-42A3-9474-1A3956D46DE8}") = "1.3.5", "1.3.5", "{66CCA270-E014-4AEE-B62C-57A2FB9EDDEB}"
EndProject
Project("{2150E333-8FDC-42A3-9474-1A3956D46DE8}") = "1.3.6", "1.3.6", "{0F65EC5E-7CE5-4E34-B18B-A4847694108E}"
EndProject
Project("{2150E333-8FDC-42A3-9474-1A3956D46DE8}") = "1.3.7", "1.3.7", "{5A025226-0CDC-4097-A198-F13B8C84EC67}"
EndProject
Project("{2150E333-8FDC-42A3-9474-1A3956D46DE8}") = "1.3.8", "1.3.8", "{56B5F040-BE4F-416A-9737-C81144BDF332}"
EndProject
Project("{2150E333-8FDC-42A3-9474-1A3956D46DE8}") = "1.3.9", "1.3.9", "{E1105C26-8E8D-40C8-ADAE-4CF7A76B3A3E}"
EndProject
Project("{2150E333-8FDC-42A3-9474-1A3956D46DE8}") = "1.4.1", "1.4.1", "{D08BCDB5-9A4F-43BB-A4D4-7EFC9ACFF5BB}"
EndProject
Project("{2150E333-8FDC-42A3-9474-1A3956D46DE8}") = "1.4.2", "1.4.2", "{9624D21A-D885-41F1-812C-CB21C3E9A7C4}"
EndProject
Project("{2150E333-8FDC-42A3-9474-1A3956D46DE8}") = "1.4.3", "1.4.3", "{62D7DFC9-88A3-4777-B460-09124AA2088E}"
EndProject
Project("{2150E333-8FDC-42A3-9474-1A3956D46DE8}") = "1.4.4", "1.4.4", "{0D7FC84E-53FD-43C7-B93D-80862D03F776}"
EndProject
Project("{2150E333-8FDC-42A3-9474-1A3956D46DE8}") = "1.4.5", "1.4.5", "{FFB191D5-98DC-4948-BA88-AC4DF27E4EEE}"
EndProject
Project("{2150E333-8FDC-42A3-9474-1A3956D46DE8}") = "1.4.6", "1.4.6", "{12CE0942-52E9-4E49-AE49-3C64967AC141}"
EndProject
Project("{2150E333-8FDC-42A3-9474-1A3956D46DE8}") = "1.4.7", "1.4.7", "{2E9545BA-4C23-4AA4-A12E-2294C90B38B4}"
EndProject
Project("{2150E333-8FDC-42A3-9474-1A3956D46DE8}") = "1.5.1", "1.5.1", "{2F3A281F-4D4B-4572-81DE-F6E9E80812F9}"
EndProject
Project("{2150E333-8FDC-42A3-9474-1A3956D46DE8}") = "1.5.2", "1.5.2", "{1E4AAF7B-FF96-4B81-A297-96054BEFBD9D}"
EndProject
Project("{2150E333-8FDC-42A3-9474-1A3956D46DE8}") = "1.5.3", "1.5.3", "{A9BD93E3-C648-4267-A079-2B34FC4221C7}"
EndProject
Project("{2150E333-8FDC-42A3-9474-1A3956D46DE8}") = "1.5.4", "1.5.4", "{2C9CDDDB-F5BB-451C-9DBD-93EDDFED5A51}"
EndProject
Project("{8BC9CEB8-8B4A-11D0-8D11-00A0C91BC942}") = "1.3.1", "1.3.1\1.3.1.vcxproj", "{0F3C96CF-7821-4244-A436-0A5008E8AF9D}"
EndProject
Project("{8BC9CEB8-8B4A-11D0-8D11-00A0C91BC942}") = "1.3.2", "1.3.2\1.3.2.vcxproj", "{99C2C238-07D3-48B4-A196-FAA2D76011C6}"
EndProject
Project("{8BC9CEB8-8B4A-11D0-8D11-00A0C91BC942}") = "1.3.3", "1.3.3\1.3.3.vcxproj", "{284DE873-9EEF-499E-A52B-659A906DC678}"
EndProject
Project("{8BC9CEB8-8B4A-11D0-8D11-00A0C91BC942}") = "1.3.4", "1.3.4\1.3.4.vcxproj", "{CA3C0F55-EF6B-485E-B96F-E2A8D8E3EEB1}"
EndProject
Project("{8BC9CEB8-8B4A-11D0-8D11-00A0C91BC942}") = "1.3.5", "1.3.5\1.3.5.vcxproj", "{0F3BAFE5-1235-47B4-85C6-3B12A3CA6BAA}"
EndProject
Project("{8BC9CEB8-8B4A-11D0-8D11-00A0C91BC942}") = "1.3.6", "1.3.6\1.3.6.vcxproj", "{DAEF5A62-79C4-426B-AB92-AB34310281DA}"
EndProject
Project("{8BC9CEB8-8B4A-11D0-8D11-00A0C91BC942}") = "1.3.7", "1.3.7\1.3.7.vcxproj", "{A9347220-437C-44CE-8169-88ABF08E1B21}"
EndProject
Project("{8BC9CEB8-8B4A-11D0-8D11-00A0C91BC942}") = "1.3.8", "1.3.8\1.3.8.vcxproj", "{64D1853C-1854-46DE-BF23-CFBBB5F8E936}"
EndProject
Project("{8BC9CEB8-8B4A-11D0-8D11-00A0C91BC942}") = "1.3.9", "1.3.9\1.3.9.vcxproj", "{EDF02C37-1DE1-4301-B35A-F00865690CF9}"
EndProject
Project("{8BC9CEB8-8B4A-11D0-8D11-00A0C91BC942}") = "1.4.1", "1.4.1\1.4.1.vcxproj", "{4A2EB00D-8EE9-43B0-93B4-2639E5E6783A}"
EndProject
Project("{8BC9CEB8-8B4A-11D0-8D11-00A0C91BC942}") = "1.4.2", "1.4.2\1.4.2.vcxproj", "{A1ABF3CD-ABEE-4265-AEF6-B3E0E9668396}"
EndProject
Project("{8BC9CEB8-8B4A-11D0-8D11-00A0C91BC942}") = "1.4.3", "1.4.3\1.4.3.vcxproj", "{B61CF5F4-9CAF-4657-8976-A6DC959BBA9E}"
EndProject
Project("{8BC9CEB8-8B4A-11D0-8D11-00A0C91BC942}") = "1.4.4", "1.4.4\1.4.4.vcxproj", "{24F1F3C5-D41D-4379-8895-AD0B95A00094}"
EndProject
Project("{8BC9CEB8-8B4A-11D0-8D11-00A0C91BC942}") = "1.4.5", "1.4.5\1.4.5.vcxproj", "{4DC9E027-25E6-459C-B45C-FEF996014D4D}"
EndProject
Project("{8BC9CEB8-8B4A-11D0-8D11-00A0C91BC942}") = "1.4.6", "1.4.6\1.4.6.vcxproj", "{70C30224-1D23-4368-A426-B497E7EC7D57}"
EndProject
Project("{8BC9CEB8-8B4A-11D0-8D11-00A0C91BC942}") = "1.4.7", "1.4.7\1.4.7.vcxproj", "{255E005E-3A0F-48CA-8942-09F529201AF6}"
EndProject
Project("{8BC9CEB8-8B4A-11D0-8D11-00A0C91BC942}") = "1.5.1", "1.5.1\1.5.1.vcxproj", "{DF29E89B-DB90-4213-8689-3855DF3C1F3E}"
EndProject
Project("{8BC9CEB8-8B4A-11D0-8D11-00A0C91BC942}") = "1.5.2", "1.5.2\1.5.2.vcxproj", "{8647BBD2-E6CA-4C78-9311-F8404D8F5686}"
EndProject
Project("{8BC9CEB8-8B4A-11D0-8D11-00A0C91BC942}") = "1.5.3", "1.5.3\1.5.3.vcxproj", "{D40D7439-9AC1-4B2D-9A55-131087A6A85E}"
EndProject
Project("{8BC9CEB8-8B4A-11D0-8D11-00A0C91BC942}") = "1.5.4", "1.5.4\1.5.4.vcxproj", "{81BF2BED-F962-4D23-9DBC-F72B4D17FEBF}"
EndProject
Global
	GlobalSection(SolutionConfigurationPlatforms) = preSolution
		Debug|x64 = Debug|x64
		Debug|x86 = Debug|x86
		Release|x64 = Release|x64
		Release|x86 = Release|x86
	EndGlobalSection
	GlobalSection(ProjectConfigurationPlatforms) = postSolution
		{174131BC-BA80-496B-9FB1-1F05A680F0CD}.Debug|x64.ActiveCfg = Debug|x64
		{174131BC-BA80-496B-9FB1-1F05A680F0CD}.Debug|x64.Build.0 = Debug|x64
		{174131BC-BA80-496B-9FB1-1F05A680F0CD}.Debug|x86.ActiveCfg = Debug|Win32
		{174131BC-BA80-496B-9FB1-1F05A680F0CD}.Debug|x86.Build.0 = Debug|Win32
		{174131BC-BA80-496B-9FB1-1F05A680F0CD}.Release|x64.ActiveCfg = Release|x64
		{174131BC-BA80-496B-9FB1-1F05A680F0CD}.Release|x64.Build.0 = Release|x64
		{174131BC-BA80-496B-9FB1-1F05A680F0CD}.Release|x86.ActiveCfg = Release|Win32
		{174131BC-BA80-496B-9FB1-1F05A680F0CD}.Release|x86.Build.0 = Release|Win32
		{ADE10B59-A524-429D-ACD8-CEC92883ED44}.Debug|x64.ActiveCfg = Debug|x64
		{ADE10B59-A524-429D-ACD8-CEC92883ED44}.Debug|x64.Build.0 = Debug|x64
		{ADE10B59-A524-429D-ACD8-CEC92883ED44}.Debug|x86.ActiveCfg = Debug|Win32
		{ADE10B59-A524-429D-ACD8-CEC92883ED44}.Debug|x86.Build.0 = Debug|Win32
		{ADE10B59-A524-429D-ACD8-CEC92883ED44}.Release|x64.ActiveCfg = Release|x64
		{ADE10B59-A524-429D-ACD8-CEC92883ED44}.Release|x64.Build.0 = Release|x64
		{ADE10B59-A524-429D-ACD8-CEC92883ED44}.Release|x86.ActiveCfg = Release|Win32
		{ADE10B59-A524-429D-ACD8-CEC92883ED44}.Release|x86.Build.0 = Release|Win32
		{D1CC975E-C68C-48D8-9EC9-A7BB2FA5247E}.Debug|x64.ActiveCfg = Debug|x64
		{D1CC975E-C68C-48D8-9EC9-A7BB2FA5247E}.Debug|x64.Build.0 = Debug|x64
		{D1CC975E-C68C-48D8-9EC9-A7BB2FA5247E}.Debug|x86.ActiveCfg = Debug|Win32
		{D1CC975E-C68C-48D8-9EC9-A7BB2FA5247E}.Debug|x86.Build.0 = Debug|Win32
		{D1CC975E-C68C-48D8-9EC9-A7BB2FA5247E}.Release|x64.ActiveCfg = Release|x64
		{D1CC975E-C68C-48D8-9EC9-A7BB2FA5247E}.Release|x64.Build.0 = Release|x64
		{D1CC975E-C68C-48D8-9EC9-A7BB2FA5247E}.Release|x86.ActiveCfg = Release|Win32
		{D1CC975E-C68C-48D8-9EC9-A7BB2FA5247E}.Release|x86.Build.0 = Release|Win32
		{334C9196-B8B8-4A6B-AA65-121D7724ACD2}.Debug|x64.ActiveCfg = Debug|x64
		{334C9196-B8B8-4A6B-AA65-121D7724ACD2}.Debug|x64.Build.0 = Debug|x64
		{334C9196-B8B8-4A6B-AA65-121D7724ACD2}.Debug|x86.ActiveCfg = Debug|Win32
		{334C9196-B8B8-4A6B-AA65-121D7724ACD2}.Debug|x86.Build.0 = Debug|Win32
		{334C9196-B8B8-4A6B-AA65-121D7724ACD2}.Release|x64.ActiveCfg = Release|x64
		{334C9196-B8B8-4A6B-AA65-121D7724ACD2}.Release|x64.Build.0 = Release|x64
		{334C9196-B8B8-4A6B-AA65-121D7724ACD2}.Release|x86.ActiveCfg = Release|Win32
		{334C9196-B8B8-4A6B-AA65-121D7724ACD2}.Release|x86.Build.0 = Release|Win32
		{937DEC4C-096A-407B-9082-5CEBCEB16251}.Debug|x64.ActiveCfg = Debug|x64
		{937DEC4C-096A-407B-9082-5CEBCEB16251}.Debug|x64.Build.0 = Debug|x64
		{937DEC4C-096A-407B-9082-5CEBCEB16251}.Debug|x86.ActiveCfg = Debug|Win32
		{937DEC4C-096A-407B-9082-5CEBCEB16251}.Debug|x86.Build.0 = Debug|Win32
		{937DEC4C-096A-407B-9082-5CEBCEB16251}.Release|x64.ActiveCfg = Release|x64
		{937DEC4C-096A-407B-9082-5CEBCEB16251}.Release|x64.Build.0 = Release|x64
		{937DEC4C-096A-407B-9082-5CEBCEB16251}.Release|x86.ActiveCfg = Release|Win32
		{937DEC4C-096A-407B-9082-5CEBCEB16251}.Release|x86.Build.0 = Release|Win32
		{0F3C96CF-7821-4244-A436-0A5008E8AF9D}.Debug|x64.ActiveCfg = Debug|x64
		{0F3C96CF-7821-4244-A436-0A5008E8AF9D}.Debug|x64.Build.0 = Debug|x64
		{0F3C96CF-7821-4244-A436-0A5008E8AF9D}.Debug|x86.ActiveCfg = Debug|Win32
		{0F3C96CF-7821-4244-A436-0A5008E8AF9D}.Debug|x86.Build.0 = Debug|Win32
		{0F3C96CF-7821-4244-A436-0A5008E8AF9D}.Release|x64.ActiveCfg = Release|x64
		{0F3C96CF-7821-4244-A436-0A5008E8AF9D}.Release|x64.Build.0 = Release|x64
		{0F3C96CF-7821-4244-A436-0A5008E8AF9D}.Release|x86.ActiveCfg = Release|Win32
		{0F3C96CF-7821-4244-A436-0A5008E8AF9D}.Release|x86.Build.0 = Release|Win32
		{99C2C238-07D3-48B4-A196-FAA2D76011C6}.Debug|x64.ActiveCfg = Debug|x64
		{99C2C238-07D3-48B4-A196-FAA2D76011C6}.Debug|x64.Build.0 = Debug|x64
		{99C2C238-07D3-48B4-A196-FAA2D76011C6}.Debug|x86.ActiveCfg = Debug|Win32
		{99C2C238-07D3-48B4-A196-FAA2D76011C6}.Debug|x86.Build.0 = Debug|Win32
		{99C2C238-07D3-48B4-A196-FAA2D76011C6}.Release|x64.ActiveCfg = Release|x64
		{99C2C238-07D3-48B4-A196-FAA2D76011C6}.Release|x64.Build.0 = Release|x64
		{99C2C238-07D3-48B4-A196-FAA2D76011C6}.Release|x86.ActiveCfg = Release|Win32
		{99C2C238-07D3-48B4-A196-FAA2D76011C6}.Release|x86.Build.0 = Release|Win32
		{284DE873-9EEF-499E-A52B-659A906DC678}.Debug|x64.ActiveCfg = Debug|x64
		{284DE873-9EEF-499E-A52B-659A906DC678}.Debug|x64.Build.0 = Debug|x64
		{284DE873-9EEF-499E-A52B-659A906DC678}.Debug|x86.ActiveCfg = Debug|Win32
		{284DE873-9EEF-499E-A52B-659A906DC678}.Debug|x86.Build.0 = Debug|Win32
		{284DE873-9EEF-499E-A52B-659A906DC678}.Release|x64.ActiveCfg = Release|x64
		{284DE873-9EEF-499E-A52B-659A906DC678}.Release|x64.Build.0 = Release|x64
		{284DE873-9EEF-499E-A52B-659A906DC678}.Release|x86.ActiveCfg = Release|Win32
		{284DE873-9EEF-499E-A52B-659A906DC678}.Release|x86.Build.0 = Release|Win32
		{CA3C0F55-EF6B-485E-B96F-E2A8D8E3EEB1}.Debug|x64.ActiveCfg = Debug|x64
		{CA3C0F55-EF6B-485E-B96F-E2A8D8E3EEB1}.Debug|x64.Build.0 = Debug|x64
		{CA3C0F55-EF6B-485E-B96F-E2A8D8E3EEB1}.Debug|x86.ActiveCfg = Debug|Win32
		{CA3C0F55-EF6B-485E-B96F-E2A8D8E3EEB1}.Debug|x86.Build.0 = Debug|Win32
		{CA3C0F55-EF6B-485E-B96F-E2A8D8E3EEB1}.Release|x64.ActiveCfg = Release|x64
		{CA3C0F55-EF6B-485E-B96F-E2A8D8E3EEB1}.Release|x64.Build.0 = Release|x64
		{CA3C0F55-EF6B-485E-B96F-E2A8D8E3EEB1}.Release|x86.ActiveCfg = Release|Win32
		{CA3C0F55-EF6B-485E-B96F-E2A8D8E3EEB1}.Release|x86.Build.0 = Release|Win32
		{0F3BAFE5-1235-47B4-85C6-3B12A3CA6BAA}.Debug|x64.ActiveCfg = Debug|x64
		{0F3BAFE5-1235-47B4-85C6-3B12A3CA6BAA}.Debug|x64.Build.0 = Debug|x64
		{0F3BAFE5-1235-47B4-85C6-3B12A3CA6BAA}.Debug|x86.ActiveCfg = Debug|Win32
		{0F3BAFE5-1235-47B4-85C6-3B12A3CA6BAA}.Debug|x86.Build.0 = Debug|Win32
		{0F3BAFE5-1235-47B4-85C6-3B12A3CA6BAA}.Release|x64.ActiveCfg = Release|x64
		{0F3BAFE5-1235-47B4-85C6-3B12A3CA6BAA}.Release|x64.Build.0 = Release|x64
		{0F3BAFE5-1235-47B4-85C6-3B12A3CA6BAA}.Release|x86.ActiveCfg = Release|Win32
		{0F3BAFE5-1235-47B4-85C6-3B12A3CA6BAA}.Release|x86.Build.0 = Release|Win32
		{DAEF5A62-79C4-426B-AB92-AB34310281DA}.Debug|x64.ActiveCfg = Debug|x64
		{DAEF5A62-79C4-426B-AB92-AB34310281DA}.Debug|x64.Build.0 = Debug|x64
		{DAEF5A62-79C4-426B-AB92-AB34310281DA}.Debug|x86.ActiveCfg = Debug|Win32
		{DAEF5A62-79C4-426B-AB92-AB34310281DA}.Debug|x86.Build.0 = Debug|Win32
		{DAEF5A62-79C4-426B-AB92-AB34310281DA}.Release|x64.ActiveCfg = Release|x64
		{DAEF5A62-79C4-426B-AB92-AB34310281DA}.Release|x64.Build.0 = Release|x64
		{DAEF5A62-79C4-426B-AB92-AB34310281DA}.Release|x86.ActiveCfg = Release|Win32
		{DAEF5A62-79C4-426B-AB92-AB34310281DA}.Release|x86.Build.0 = Release|Win32
		{A9347220-437C-44CE-8169-88ABF08E1B21}.Debug|x64.ActiveCfg = Debug|x64
		{A9347220-437C-44CE-8169-88ABF08E1B21}.Debug|x64.Build.0 = Debug|x64
		{A9347220-437C-44CE-8169-88ABF08E1B21}.Debug|x86.ActiveCfg = Debug|Win32
		{A9347220-437C-44CE-8169-88ABF08E1B21}.Debug|x86.Build.0 = Debug|Win32
		{A9347220-437C-44CE-8169-88ABF08E1B21}.Release|x64.ActiveCfg = Release|x64
		{A9347220-437C-44CE-8169-88ABF08E1B21}.Release|x64.Build.0 = Release|x64
		{A9347220-437C-44CE-8169-88ABF08E1B21}.Release|x86.ActiveCfg = Release|Win32
		{A9347220-437C-44CE-8169-88ABF08E1B21}.Release|x86.Build.0 = Release|Win32
		{64D1853C-1854-46DE-BF23-CFBBB5F8E936}.Debug|x64.ActiveCfg = Debug|x64
		{64D1853C-1854-46DE-BF23-CFBBB5F8E936}.Debug|x64.Build.0 = Debug|x64
		{64D1853C-1854-46DE-BF23-CFBBB5F8E936}.Debug|x86.ActiveCfg = Debug|Win32
		{64D1853C-1854-46DE-BF23-CFBBB5F8E936}.Debug|x86.Build.0 = Debug|Win32
		{64D1853C-1854-46DE-BF23-CFBBB5F8E936}.Release|x64.ActiveCfg = Release|x64
		{64D1853C-1854-46DE-BF23-CFBBB5F8E936}.Release|x64.Build.0 = Release|x64
		{64D1853C-1854-46DE-BF23-CFBBB5F8E936}.Release|x86.ActiveCfg = Release|Win32
		{64D1853C-1854-46DE-BF23-CFBBB5F8E936}.Release|x86.Build.0 = Release|Win32
		{EDF02C37-1DE1-4301-B35A-F00865690CF9}.Debug|x64.ActiveCfg = Debug|x64
		{EDF02C37-1DE1-4301-B35A-F00865690CF9}.Debug|x64.Build.0 = Debug|x64
		{EDF02C37-1DE1-4301-B35A-F00865690CF9}.Debug|x86.ActiveCfg = Debug|Win32
		{EDF02C37-1DE1-4301-B35A-F00865690CF9}.Debug|x86.Build.0 = Debug|Win32
		{EDF02C37-1DE1-4301-B35A-F00865690CF9}.Release|x64.ActiveCfg = Release|x64
		{EDF02C37-1DE1-4301-B35A-F00865690CF9}.Release|x64.Build.0 = Release|x64
		{EDF02C37-1DE1-4301-B35A-F00865690CF9}.Release|x86.ActiveCfg = Release|Win32
		{EDF02C37-1DE1-4301-B35A-F00865690CF9}.Release|x86.Build.0 = Release|Win32
		{4A2EB00D-8EE9-43B0-93B4-2639E5E6783A}.Debug|x64.ActiveCfg = Debug|x64
		{4A2EB00D-8EE9-43B0-93B4-2639E5E6783A}.Debug|x64.Build.0 = Debug|x64
		{4A2EB00D-8EE9-43B0-93B4-2639E5E6783A}.Debug|x86.ActiveCfg = Debug|Win32
		{4A2EB00D-8EE9-43B0-93B4-2639E5E6783A}.Debug|x86.Build.0 = Debug|Win32
		{4A2EB00D-8EE9-43B0-93B4-2639E5E6783A}.Release|x64.ActiveCfg = Release|x64
		{4A2EB00D-8EE9-43B0-93B4-2639E5E6783A}.Release|x64.Build.0 = Release|x64
		{4A2EB00D-8EE9-43B0-93B4-2639E5E6783A}.Release|x86.ActiveCfg = Release|Win32
		{4A2EB00D-8EE9-43B0-93B4-2639E5E6783A}.Release|x86.Build.0 = Release|Win32
		{A1ABF3CD-ABEE-4265-AEF6-B3E0E9668396}.Debug|x64.ActiveCfg = Debug|x64
		{A1ABF3CD-ABEE-4265-AEF6-B3E0E9668396}.Debug|x64.Build.0 = Debug|x64
		{A1ABF3CD-ABEE-4265-AEF6-B3E0E9668396}.Debug|x86.ActiveCfg = Debug|Win32
		{A1ABF3CD-ABEE-4265-AEF6-B3E0E9668396}.Debug|x86.Build.0 = Debug|Win32
		{A1ABF3CD-ABEE-4265-AEF6-B3E0E9668396}.Release|x64.ActiveCfg = Release|x64
		{A1ABF3CD-ABEE-4265-AEF6-B3E0E9668396}.Release|x64.Build.0 = Release|x64
		{A1ABF3CD-ABEE-4265-AEF6-B3E0E9668396}.Release|x86.ActiveCfg = Release|Win32
		{A1ABF3CD-ABEE-4265-AEF6-B3E0E9668396}.Release|x86.Build.0 = Release|Win32
		{B61CF5F4-9CAF-4657-8976-A6DC959BBA9E}.Debug|x64.ActiveCfg = Debug|x64
		{B61CF5F4-9CAF-4657-8976-A6DC959BBA9E}.Debug|x64.Build.0 = Debug|x64
		{B61CF5F4-9CAF-4657-8976-A6DC959BBA9E}.Debug|x86.ActiveCfg = Debug|Win32
		{B61CF5F4-9CAF-4657-8976-A6DC959BBA9E}.Debug|x86.Build.0 = Debug|Win32
		{B61CF5F4-9CAF-4657-8976-A6DC959BBA9E}.Release|x64.ActiveCfg = Release|x64
		{B61CF5F4-9CAF-4657-8976-A6DC959BBA9E}.Release|x64.Build.0 = Release|x64
		{B61CF5F4-9CAF-4657-8976-A6DC959BBA9E}.Release|x86.ActiveCfg = Release|Win32
		{B61CF5F4-9CAF-4657-8976-A6DC959BBA9E}.Release|x86.Build.0 = Release|Win32
		{24F1F3C5-D41D-4379-8895-AD0B95A00094}.Debug|x64.ActiveCfg = Debug|x64
		{24F1F3C5-D41D-4379-8895-AD0B95A00094}.Debug|x64.Build.0 = Debug|x64
		{24F1F3C5-D41D-4379-8895-AD0B95A00094}.Debug|x86.ActiveCfg = Debug|Win32
		{24F1F3C5-D41D-4379-8895-AD0B95A00094}.Debug|x86.Build.0 = Debug|Win32
		{24F1F3C5-D41D-4379-8895-AD0B95A00094}.Release|x64.ActiveCfg = Release|x64
		{24F1F3C5-D41D-4379-8895-AD0B95A00094}.Release|x64.Build.0 = Release|x64
		{24F1F3C5-D41D-4379-8895-AD0B95A00094}.Release|x86.ActiveCfg = Release|Win32
		{24F1F3C5-D41D-4379-8895-AD0B95A00094}.Release|x86.Build.0 = Release|Win32
		{4DC9E027-25E6-459C-B45C-FEF996014D4D}.Debug|x64.ActiveCfg = Debug|x64
		{4DC9E027-25E6-459C-B45C-FEF996014D4D}.Debug|x64.Build.0 = Debug|x64
		{4DC9E027-25E6-459C-B45C-FEF996014D4D}.Debug|x86.ActiveCfg = Debug|Win32
		{4DC9E027-25E6-459C-B45C-FEF996014D4D}.Debug|x86.Build.0 = Debug|Win32
		{4DC9E027-25E6-459C-B45C-FEF996014D4D}.Release|x64.ActiveCfg = Release|x64
		{4DC9E027-25E6-459C-B45C-FEF996014D4D}.Release|x64.Build.0 = Release|x64
		{4DC9E027-25E6-459C-B45C-FEF996014D4D}.Release|x86.ActiveCfg = Release|Win32
		{4DC9E027-25E6-459C-B45C-FEF996014D4D}.Release|x86.Build.0 = Release|Win32
		{70C30224-1D23-4368-A426-B497E7EC7D57}.Debug|x64.ActiveCfg = Debug|x64
		{70C30224-1D23-4368-A426-B497E7EC7D57}.Debug|x64.Build.0 = Debug|x64
		{70C30224-1D23-4368-A426-B497E7EC7D57}.Debug|x86.ActiveCfg = Debug|Win32
		{70C30224-1D23-4368-A426-B497E7EC7D57}.Debug|x86.Build.0 = Debug|Win32
		{70C30224-1D23-4368-A426-B497E7EC7D57}.Release|x64.ActiveCfg = Release|x64
		{70C30224-1D23-4368-A426-B497E7EC7D57}.Release|x64.Build.0 = Release|x64
		{70C30224-1D23-4368-A426-B497E7EC7D57}.Release|x86.ActiveCfg = Release|Win32
		{70C30224-1D23-4368-A426-B497E7EC7D57}.Release|x86.Build.0 = Release|Win32
		{255E005E-3A0F-48CA-8942-09F529201AF6}.Debug|x64.ActiveCfg = Debug|x64
		{255E005E-3A0F-48CA-8942-09F529201AF6}.Debug|x64.Build.0 = Debug|x64
		{255E005E-3A0F-48CA-8942-09F529201AF6}.Debug|x86.ActiveCfg = Debug|Win32
		{255E005E-3A0F-48CA-8942-09F529201AF6}.Debug|x86.Build.0 = Debug|Win32
		{255E005E-3A0F-48CA-8942-09F529201AF6}.Release|x64.ActiveCfg = Release|x64
		{255E005E-3A0F-48CA-8942-09F529201AF6}.Release|x64.Build.0 = Release|x64
		{255E005E-3A0F-48CA-8942-09F529201AF6}.Release|x86.ActiveCfg = Release|Win32
		{255E005E-3A0F-48CA-8942-09F529201AF6}.Release|x86.Build.0 = Release|Win32
		{DF29E89B-DB90-4213-8689-3855DF3C1F3E}.Debug|x64.ActiveCfg = Debug|x64
		{DF29E89B-DB90-4213-8689-3855DF3C1F3E}.Debug|x64.Build.0 = Debug|x64
		{DF29E89B-DB90-4213-8689-3855DF3C1F3E}.Debug|x86.ActiveCfg = Debug|Win32
		{DF29E89B-DB90-4213-8689-3855DF3C1F3E}.Debug|x86.Build.0 = Debug|Win32
		{DF29E89B-DB90-4213-8689-3855DF3C1F3E}.Release|x64.ActiveCfg = Release|x64
		{DF29E89B-DB90-4213-8689-3855DF3C1F3E}.Release|x64.Build.0 = Release|x64
		{DF29E89B-DB90-4213-8689-3855DF3C1F3E}.Release|x86.ActiveCfg = Release|Win32
		{DF29E89B-DB90-4213-8689-3855DF3C1F3E}.Release|x86.Build.0 = Release|Win32
		{8647BBD2-E6CA-4C78-9311-F8404D8F5686}.Debug|x64.ActiveCfg = Debug|x64
		{8647BBD2-E6CA-4C78-9311-F8404D8F5686}.Debug|x64.Build.0 = Debug|x64
		{8647BBD2-E6CA-4C78-9311-F8404D8F5686}.Debug|x86.ActiveCfg = Debug|Win32
		{8647BBD2-E6CA-4C78-9311-F8404D8F5686}.Debug|x86.Build.0 = Debug|Win32
		{8647BBD2-E6CA-4C78-9311-F8404D8F5686}.Release|x64.ActiveCfg = Release|x64
		{8647BBD2-E6CA-4C78-9311-F8404D8F5686}.Release|x64.Build.0 = Release|x64
		{8647BBD2-E6CA-4C78-9311-F8404D8F5686}.Release|x86.ActiveCfg = Release|Win32
		{8647BBD2-E6CA-4C78-9311-F8404D8F5686}.Release|x86.Build.0 = Release|Win32
		{D40D7439-9AC1-4B2D-9A55-131087A6A85E}.Debug|x64.ActiveCfg = Debug|x64
		{D40D7439-9AC1-4B2D-9A55-131087A6A85E}.Debug|x64.Build.0 = Debug|x64
		{D40D7439-9AC1-4B2D-9A55-131087A6A85E}.Debug|x86.ActiveCfg = Debug|Win32
		{D40D7439-9AC1-4B2D-9A55-131087A6A85E}.Debug|x86.Build.0 = Debug|Win32
		{D40D7439-9AC1-4B2D-9A55-131087A6A85E}.Release|x64.ActiveCfg = Release|x64
		{D40D7439-9AC1-4B2D-9A55-131087A6A85E}.Release|x64.Build.0 = Release|x64
		{D40D7439-9AC1-4B2D-9A55-131087A6A85E}.Release|x86.ActiveCfg = Release|Win32
		{D40D7439-9AC1-4B2D-9A55-131087A6A85E}.Release|x86.Build.0 = Release|Win32
		{81BF2BED-F962-4D23-9DBC-F72B4D17FEBF}.Debug|x64.ActiveCfg = Debug|x64
		{81BF2BED-F962-4D23-9DBC-F72B4D17FEBF}.Debug|x64.Build.0 = Debug|x64
		{81BF2BED-F962-4D23-9DBC-F72B4D17FEBF}.Debug|x86.ActiveCfg = Debug|Win32
		{81BF2BED-F962-4D23-9DBC-F72B4D17FEBF}.Debug|x86.Build.0 = Debug|Win32
		{81BF2BED-F962-4D23-9DBC-F72B4D17FEBF}.Release|x64.ActiveCfg = Release|x64
		{81BF2BED-F962-4D23-9DBC-F72B4D17FEBF}.Release|x64.Build.0 = Release|x64
		{81BF2BED-F962-4D23-9DBC-F72B4D17FEBF}.Release|x86.ActiveCfg = Release|Win32
		{81BF2BED-F962-4D23-9DBC-F72B4D17FEBF}.Release|x86.Build.0 = Release|Win32
	EndGlobalSection
	GlobalSection(SolutionProperties) = preSolution
		HideSolutionNode = FALSE
	EndGlobalSection
	GlobalSection(NestedProjects) = preSolution
		{02CACF83-6A19-48EF-AB95-FB11D1CF43D2} = {03890477-A734-4C8F-84E3-FB0438B69022}
		{459202AA-69C9-4723-90DC-3D1B439395F5} = {7DE500D2-8691-45C8-9615-FE3BCE4E942E}
		{84D0C15E-870A-43DE-86F9-5F4558399A3E} = {459202AA-69C9-4723-90DC-3D1B439395F5}
		{6C8D5292-A593-4C6C-8D0C-0250681FAD31} = {459202AA-69C9-4723-90DC-3D1B439395F5}
		{ACE4A52B-5499-49FA-B994-731406A5769F} = {459202AA-69C9-4723-90DC-3D1B439395F5}
		{174131BC-BA80-496B-9FB1-1F05A680F0CD} = {02CACF83-6A19-48EF-AB95-FB11D1CF43D2}
		{ADE10B59-A524-429D-ACD8-CEC92883ED44} = {02CACF83-6A19-48EF-AB95-FB11D1CF43D2}
		{D1CC975E-C68C-48D8-9EC9-A7BB2FA5247E} = {02CACF83-6A19-48EF-AB95-FB11D1CF43D2}
		{334C9196-B8B8-4A6B-AA65-121D7724ACD2} = {02CACF83-6A19-48EF-AB95-FB11D1CF43D2}
		{937DEC4C-096A-407B-9082-5CEBCEB16251} = {02CACF83-6A19-48EF-AB95-FB11D1CF43D2}
		{6EB0C932-A2BE-4A0F-9C0F-3FA91B182525} = {84D0C15E-870A-43DE-86F9-5F4558399A3E}
		{2725E466-8C9B-46C4-A7D6-778E0C9AABE5} = {84D0C15E-870A-43DE-86F9-5F4558399A3E}
		{FE6F255D-1AA9-40EC-96CF-3D058E95F81B} = {84D0C15E-870A-43DE-86F9-5F4558399A3E}
		{7DB96C46-2A30-4257-87A8-57289585DCCA} = {84D0C15E-870A-43DE-86F9-5F4558399A3E}
		{66CCA270-E014-4AEE-B62C-57A2FB9EDDEB} = {84D0C15E-870A-43DE-86F9-5F4558399A3E}
		{0F65EC5E-7CE5-4E34-B18B-A4847694108E} = {84D0C15E-870A-43DE-86F9-5F4558399A3E}
		{5A025226-0CDC-4097-A198-F13B8C84EC67} = {84D0C15E-870A-43DE-86F9-5F4558399A3E}
		{56B5F040-BE4F-416A-9737-C81144BDF332} = {84D0C15E-870A-43DE-86F9-5F4558399A3E}
		{E1105C26-8E8D-40C8-ADAE-4CF7A76B3A3E} = {84D0C15E-870A-43DE-86F9-5F4558399A3E}
		{D08BCDB5-9A4F-43BB-A4D4-7EFC9ACFF5BB} = {6C8D5292-A593-4C6C-8D0C-0250681FAD31}
		{9624D21A-D885-41F1-812C-CB21C3E9A7C4} = {6C8D5292-A593-4C6C-8D0C-0250681FAD31}
		{62D7DFC9-88A3-4777-B460-09124AA2088E} = {6C8D5292-A593-4C6C-8D0C-0250681FAD31}
		{0D7FC84E-53FD-43C7-B93D-80862D03F776} = {6C8D5292-A593-4C6C-8D0C-0250681FAD31}
		{FFB191D5-98DC-4948-BA88-AC4DF27E4EEE} = {6C8D5292-A593-4C6C-8D0C-0250681FAD31}
		{12CE0942-52E9-4E49-AE49-3C64967AC141} = {6C8D5292-A593-4C6C-8D0C-0250681FAD31}
		{2E9545BA-4C23-4AA4-A12E-2294C90B38B4} = {6C8D5292-A593-4C6C-8D0C-0250681FAD31}
		{2F3A281F-4D4B-4572-81DE-F6E9E80812F9} = {ACE4A52B-5499-49FA-B994-731406A5769F}
		{1E4AAF7B-FF96-4B81-A297-96054BEFBD9D} = {ACE4A52B-5499-49FA-B994-731406A5769F}
		{A9BD93E3-C648-4267-A079-2B34FC4221C7} = {ACE4A52B-5499-49FA-B994-731406A5769F}
		{2C9CDDDB-F5BB-451C-9DBD-93EDDFED5A51} = {ACE4A52B-5499-49FA-B994-731406A5769F}
		{0F3C96CF-7821-4244-A436-0A5008E8AF9D} = {6EB0C932-A2BE-4A0F-9C0F-3FA91B182525}
		{99C2C238-07D3-48B4-A196-FAA2D76011C6} = {2725E466-8C9B-46C4-A7D6-778E0C9AABE5}
		{284DE873-9EEF-499E-A52B-659A906DC678} = {FE6F255D-1AA9-40EC-96CF-3D058E95F81B}
		{CA3C0F55-EF6B-485E-B96F-E2A8D8E3EEB1} = {7DB96C46-2A30-4257-87A8-57289585DCCA}
		{0F3BAFE5-1235-47B4-85C6-3B12A3CA6BAA} = {66CCA270-E014-4AEE-B62C-57A2FB9EDDEB}
		{DAEF5A62-79C4-426B-AB92-AB34310281DA} = {0F65EC5E-7CE5-4E34-B18B-A4847694108E}
		{A9347220-437C-44CE-8169-88ABF08E1B21} = {5A025226-0CDC-4097-A198-F13B8C84EC67}
		{64D1853C-1854-46DE-BF23-CFBBB5F8E936} = {56B5F040-BE4F-416A-9737-C81144BDF332}
		{EDF02C37-1DE1-4301-B35A-F00865690CF9} = {E1105C26-8E8D-40C8-ADAE-4CF7A76B3A3E}
		{4A2EB00D-8EE9-43B0-93B4-2639E5E6783A} = {D08BCDB5-9A4F-43BB-A4D4-7EFC9ACFF5BB}
		{A1ABF3CD-ABEE-4265-AEF6-B3E0E9668396} = {9624D21A-D885-41F1-812C-CB21C3E9A7C4}
		{B61CF5F4-9CAF-4657-8976-A6DC959BBA9E} = {62D7DFC9-88A3-4777-B460-09124AA2088E}
		{24F1F3C5-D41D-4379-8895-AD0B95A00094} = {0D7FC84E-53FD-43C7-B93D-80862D03F776}
		{4DC9E027-25E6-459C-B45C-FEF996014D4D} = {FFB191D5-98DC-4948-BA88-AC4DF27E4EEE}
		{70C30224-1D23-4368-A426-B497E7EC7D57} = {12CE0942-52E9-4E49-AE49-3C64967AC141}
		{255E005E-3A0F-48CA-8942-09F529201AF6} = {2E9545BA-4C23-4AA4-A12E-2294C90B38B4}
		{DF29E89B-DB90-4213-8689-3855DF3C1F3E} = {2F3A281F-4D4B-4572-81DE-F6E9E80812F9}
		{8647BBD2-E6CA-4C78-9311-F8404D8F5686} = {1E4AAF7B-FF96-4B81-A297-96054BEFBD9D}
		{D40D7439-9AC1-4B2D-9A55-131087A6A85E} = {A9BD93E3-C648-4267-A079-2B34FC4221C7}
		{81BF2BED-F962-4D23-9DBC-F72B4D17FEBF} = {2C9CDDDB-F5BB-451C-9DBD-93EDDFED5A51}
	EndGlobalSection
	GlobalSection(ExtensibilityGlobals) = postSolution
		SolutionGuid = {668BB3C2-EB68-43AB-842A-AEEBBAB13AAB}
	EndGlobalSection
EndGlobal
